// !$*UTF8*$!
{
	archiveVersion = 1;
	classes = {
	};
	objectVersion = 56;
	objects = {

/* Begin PBXBuildFile section */
		330361F92BD893F90014CD3C /* ActiveWorkoutView.swift in Sources */ = {isa = PBXBuildFile; fileRef = 330361F82BD893F90014CD3C /* ActiveWorkoutView.swift */; };
		330361FB2BD895C70014CD3C /* ActiveSuperset.swift in Sources */ = {isa = PBXBuildFile; fileRef = 330361FA2BD895C70014CD3C /* ActiveSuperset.swift */; };
		330361FD2BD8B4F80014CD3C /* SupersetSettingsSheetView.swift in Sources */ = {isa = PBXBuildFile; fileRef = 330361FC2BD8B4F80014CD3C /* SupersetSettingsSheetView.swift */; };
		330362002BD935B60014CD3C /* SettingsView.swift in Sources */ = {isa = PBXBuildFile; fileRef = 330361FF2BD935B60014CD3C /* SettingsView.swift */; };
		330362022BD9363A0014CD3C /* WorkoutOverview.swift in Sources */ = {isa = PBXBuildFile; fileRef = 330362012BD9363A0014CD3C /* WorkoutOverview.swift */; };
		330362042BD9386B0014CD3C /* WorkoutListView.swift in Sources */ = {isa = PBXBuildFile; fileRef = 330362032BD9386B0014CD3C /* WorkoutListView.swift */; };
		330362062BD9389E0014CD3C /* CentralStorage.swift in Sources */ = {isa = PBXBuildFile; fileRef = 330362052BD9389E0014CD3C /* CentralStorage.swift */; };
		330362092BD93B070014CD3C /* PublishedExt.swift in Sources */ = {isa = PBXBuildFile; fileRef = 330362082BD93B070014CD3C /* PublishedExt.swift */; };
		3303620B2BD93D0C0014CD3C /* CodableColor.swift in Sources */ = {isa = PBXBuildFile; fileRef = 3303620A2BD93D0C0014CD3C /* CodableColor.swift */; };
		33254A2E2BDC118B004001DE /* SingleSupersetView.swift in Sources */ = {isa = PBXBuildFile; fileRef = 33254A2D2BDC118B004001DE /* SingleSupersetView.swift */; };
		332E82712BD9439D008FE9B4 /* TimerView.swift in Sources */ = {isa = PBXBuildFile; fileRef = 332E82702BD9439D008FE9B4 /* TimerView.swift */; };
		332E82752BD944FC008FE9B4 /* WorkoutTimer.swift in Sources */ = {isa = PBXBuildFile; fileRef = 332E82742BD944FC008FE9B4 /* WorkoutTimer.swift */; };
		333502EC2BD425170068076C /* Sets Watch App.app in Embed Watch Content */ = {isa = PBXBuildFile; fileRef = 333502EB2BD425170068076C /* Sets Watch App.app */; settings = {ATTRIBUTES = (RemoveHeadersOnCopy, ); }; };
		333502F12BD425170068076C /* SetsApp.swift in Sources */ = {isa = PBXBuildFile; fileRef = 333502F02BD425170068076C /* SetsApp.swift */; };
		333502F52BD425180068076C /* Assets.xcassets in Resources */ = {isa = PBXBuildFile; fileRef = 333502F42BD425180068076C /* Assets.xcassets */; };
		333502F82BD425180068076C /* Preview Assets.xcassets in Resources */ = {isa = PBXBuildFile; fileRef = 333502F72BD425180068076C /* Preview Assets.xcassets */; };
		333503022BD425180068076C /* Sets_Watch_AppTests.swift in Sources */ = {isa = PBXBuildFile; fileRef = 333503012BD425180068076C /* Sets_Watch_AppTests.swift */; };
		3335030C2BD425180068076C /* Sets_Watch_AppUITests.swift in Sources */ = {isa = PBXBuildFile; fileRef = 3335030B2BD425180068076C /* Sets_Watch_AppUITests.swift */; };
		3335030E2BD425180068076C /* Sets_Watch_AppUITestsLaunchTests.swift in Sources */ = {isa = PBXBuildFile; fileRef = 3335030D2BD425180068076C /* Sets_Watch_AppUITestsLaunchTests.swift */; };
		333503222BD426400068076C /* SetModel.swift in Sources */ = {isa = PBXBuildFile; fileRef = 333503212BD426400068076C /* SetModel.swift */; };
		333503252BD4270D0068076C /* HelperModels.swift in Sources */ = {isa = PBXBuildFile; fileRef = 333503242BD4270D0068076C /* HelperModels.swift */; };
		333503272BD427770068076C /* ExerciseModel.swift in Sources */ = {isa = PBXBuildFile; fileRef = 333503262BD427770068076C /* ExerciseModel.swift */; };
		3335032A2BD428F10068076C /* WorkoutModel.swift in Sources */ = {isa = PBXBuildFile; fileRef = 333503292BD428F10068076C /* WorkoutModel.swift */; };
		3335032C2BD42A240068076C /* SupersetModel.swift in Sources */ = {isa = PBXBuildFile; fileRef = 3335032B2BD42A240068076C /* SupersetModel.swift */; };
		3335032F2BD42D090068076C /* ExampleData.swift in Sources */ = {isa = PBXBuildFile; fileRef = 3335032E2BD42D090068076C /* ExampleData.swift */; };
		333503332BD4326A0068076C /* ExerciseSetView.swift in Sources */ = {isa = PBXBuildFile; fileRef = 333503322BD4326A0068076C /* ExerciseSetView.swift */; };
		333503352BD434C20068076C /* ExerciseSetCheckButtonView.swift in Sources */ = {isa = PBXBuildFile; fileRef = 333503342BD434C20068076C /* ExerciseSetCheckButtonView.swift */; };
		333503372BD441310068076C /* ExerciseView.swift in Sources */ = {isa = PBXBuildFile; fileRef = 333503362BD441310068076C /* ExerciseView.swift */; };
		3335033B2BD456C90068076C /* WorkoutView.swift in Sources */ = {isa = PBXBuildFile; fileRef = 3335033A2BD456C90068076C /* WorkoutView.swift */; };
		3335033F2BD583B40068076C /* SupersetView.swift in Sources */ = {isa = PBXBuildFile; fileRef = 3335033E2BD583B40068076C /* SupersetView.swift */; };
		3357F2582BD9656E0037D35C /* Utils.swift in Sources */ = {isa = PBXBuildFile; fileRef = 3357F2572BD9656E0037D35C /* Utils.swift */; };
		33A5E28C2BD976EB009EC780 /* SettingsController.swift in Sources */ = {isa = PBXBuildFile; fileRef = 33A5E28B2BD976EB009EC780 /* SettingsController.swift */; };
		33A5E2982BDC0040009EC780 /* TapControlsOverlay.swift in Sources */ = {isa = PBXBuildFile; fileRef = 33A5E2972BDC0040009EC780 /* TapControlsOverlay.swift */; };
		33A5E29A2BDC0A41009EC780 /* ActiveSupersetScrollView.swift in Sources */ = {isa = PBXBuildFile; fileRef = 33A5E2992BDC0A41009EC780 /* ActiveSupersetScrollView.swift */; };
/* End PBXBuildFile section */

/* Begin PBXContainerItemProxy section */
		333502ED2BD425170068076C /* PBXContainerItemProxy */ = {
			isa = PBXContainerItemProxy;
			containerPortal = 333502DF2BD425170068076C /* Project object */;
			proxyType = 1;
			remoteGlobalIDString = 333502EA2BD425170068076C;
			remoteInfo = "Sets Watch App";
		};
		333502FE2BD425180068076C /* PBXContainerItemProxy */ = {
			isa = PBXContainerItemProxy;
			containerPortal = 333502DF2BD425170068076C /* Project object */;
			proxyType = 1;
			remoteGlobalIDString = 333502EA2BD425170068076C;
			remoteInfo = "Sets Watch App";
		};
		333503082BD425180068076C /* PBXContainerItemProxy */ = {
			isa = PBXContainerItemProxy;
			containerPortal = 333502DF2BD425170068076C /* Project object */;
			proxyType = 1;
			remoteGlobalIDString = 333502EA2BD425170068076C;
			remoteInfo = "Sets Watch App";
		};
/* End PBXContainerItemProxy section */

/* Begin PBXCopyFilesBuildPhase section */
		333503142BD425180068076C /* Embed Watch Content */ = {
			isa = PBXCopyFilesBuildPhase;
			buildActionMask = 2147483647;
			dstPath = "$(CONTENTS_FOLDER_PATH)/Watch";
			dstSubfolderSpec = 16;
			files = (
				333502EC2BD425170068076C /* Sets Watch App.app in Embed Watch Content */,
			);
			name = "Embed Watch Content";
			runOnlyForDeploymentPostprocessing = 0;
		};
/* End PBXCopyFilesBuildPhase section */

/* Begin PBXFileReference section */
		330361F82BD893F90014CD3C /* ActiveWorkoutView.swift */ = {isa = PBXFileReference; lastKnownFileType = sourcecode.swift; path = ActiveWorkoutView.swift; sourceTree = "<group>"; };
		330361FA2BD895C70014CD3C /* ActiveSuperset.swift */ = {isa = PBXFileReference; lastKnownFileType = sourcecode.swift; path = ActiveSuperset.swift; sourceTree = "<group>"; };
		330361FC2BD8B4F80014CD3C /* SupersetSettingsSheetView.swift */ = {isa = PBXFileReference; lastKnownFileType = sourcecode.swift; path = SupersetSettingsSheetView.swift; sourceTree = "<group>"; };
		330361FF2BD935B60014CD3C /* SettingsView.swift */ = {isa = PBXFileReference; lastKnownFileType = sourcecode.swift; path = SettingsView.swift; sourceTree = "<group>"; };
		330362012BD9363A0014CD3C /* WorkoutOverview.swift */ = {isa = PBXFileReference; lastKnownFileType = sourcecode.swift; path = WorkoutOverview.swift; sourceTree = "<group>"; };
		330362032BD9386B0014CD3C /* WorkoutListView.swift */ = {isa = PBXFileReference; lastKnownFileType = sourcecode.swift; path = WorkoutListView.swift; sourceTree = "<group>"; };
		330362052BD9389E0014CD3C /* CentralStorage.swift */ = {isa = PBXFileReference; lastKnownFileType = sourcecode.swift; path = CentralStorage.swift; sourceTree = "<group>"; };
		330362082BD93B070014CD3C /* PublishedExt.swift */ = {isa = PBXFileReference; lastKnownFileType = sourcecode.swift; path = PublishedExt.swift; sourceTree = "<group>"; };
		3303620A2BD93D0C0014CD3C /* CodableColor.swift */ = {isa = PBXFileReference; lastKnownFileType = sourcecode.swift; path = CodableColor.swift; sourceTree = "<group>"; };
		33254A2D2BDC118B004001DE /* SingleSupersetView.swift */ = {isa = PBXFileReference; lastKnownFileType = sourcecode.swift; path = SingleSupersetView.swift; sourceTree = "<group>"; };
		332E82702BD9439D008FE9B4 /* TimerView.swift */ = {isa = PBXFileReference; lastKnownFileType = sourcecode.swift; path = TimerView.swift; sourceTree = "<group>"; };
		332E82742BD944FC008FE9B4 /* WorkoutTimer.swift */ = {isa = PBXFileReference; lastKnownFileType = sourcecode.swift; path = WorkoutTimer.swift; sourceTree = "<group>"; };
		333502E52BD425170068076C /* Sets.app */ = {isa = PBXFileReference; explicitFileType = wrapper.application; includeInIndex = 0; path = Sets.app; sourceTree = BUILT_PRODUCTS_DIR; };
		333502EB2BD425170068076C /* Sets Watch App.app */ = {isa = PBXFileReference; explicitFileType = wrapper.application; includeInIndex = 0; path = "Sets Watch App.app"; sourceTree = BUILT_PRODUCTS_DIR; };
		333502F02BD425170068076C /* SetsApp.swift */ = {isa = PBXFileReference; lastKnownFileType = sourcecode.swift; path = SetsApp.swift; sourceTree = "<group>"; };
		333502F42BD425180068076C /* Assets.xcassets */ = {isa = PBXFileReference; lastKnownFileType = folder.assetcatalog; path = Assets.xcassets; sourceTree = "<group>"; };
		333502F72BD425180068076C /* Preview Assets.xcassets */ = {isa = PBXFileReference; lastKnownFileType = folder.assetcatalog; path = "Preview Assets.xcassets"; sourceTree = "<group>"; };
		333502FD2BD425180068076C /* Sets Watch AppTests.xctest */ = {isa = PBXFileReference; explicitFileType = wrapper.cfbundle; includeInIndex = 0; path = "Sets Watch AppTests.xctest"; sourceTree = BUILT_PRODUCTS_DIR; };
		333503012BD425180068076C /* Sets_Watch_AppTests.swift */ = {isa = PBXFileReference; lastKnownFileType = sourcecode.swift; path = Sets_Watch_AppTests.swift; sourceTree = "<group>"; };
		333503072BD425180068076C /* Sets Watch AppUITests.xctest */ = {isa = PBXFileReference; explicitFileType = wrapper.cfbundle; includeInIndex = 0; path = "Sets Watch AppUITests.xctest"; sourceTree = BUILT_PRODUCTS_DIR; };
		3335030B2BD425180068076C /* Sets_Watch_AppUITests.swift */ = {isa = PBXFileReference; lastKnownFileType = sourcecode.swift; path = Sets_Watch_AppUITests.swift; sourceTree = "<group>"; };
		3335030D2BD425180068076C /* Sets_Watch_AppUITestsLaunchTests.swift */ = {isa = PBXFileReference; lastKnownFileType = sourcecode.swift; path = Sets_Watch_AppUITestsLaunchTests.swift; sourceTree = "<group>"; };
		333503212BD426400068076C /* SetModel.swift */ = {isa = PBXFileReference; lastKnownFileType = sourcecode.swift; path = SetModel.swift; sourceTree = "<group>"; };
		333503242BD4270D0068076C /* HelperModels.swift */ = {isa = PBXFileReference; lastKnownFileType = sourcecode.swift; path = HelperModels.swift; sourceTree = "<group>"; };
		333503262BD427770068076C /* ExerciseModel.swift */ = {isa = PBXFileReference; lastKnownFileType = sourcecode.swift; path = ExerciseModel.swift; sourceTree = "<group>"; };
		333503292BD428F10068076C /* WorkoutModel.swift */ = {isa = PBXFileReference; lastKnownFileType = sourcecode.swift; path = WorkoutModel.swift; sourceTree = "<group>"; };
		3335032B2BD42A240068076C /* SupersetModel.swift */ = {isa = PBXFileReference; lastKnownFileType = sourcecode.swift; path = SupersetModel.swift; sourceTree = "<group>"; };
		3335032E2BD42D090068076C /* ExampleData.swift */ = {isa = PBXFileReference; lastKnownFileType = sourcecode.swift; path = ExampleData.swift; sourceTree = "<group>"; };
		333503322BD4326A0068076C /* ExerciseSetView.swift */ = {isa = PBXFileReference; lastKnownFileType = sourcecode.swift; path = ExerciseSetView.swift; sourceTree = "<group>"; };
		333503342BD434C20068076C /* ExerciseSetCheckButtonView.swift */ = {isa = PBXFileReference; lastKnownFileType = sourcecode.swift; path = ExerciseSetCheckButtonView.swift; sourceTree = "<group>"; };
		333503362BD441310068076C /* ExerciseView.swift */ = {isa = PBXFileReference; lastKnownFileType = sourcecode.swift; path = ExerciseView.swift; sourceTree = "<group>"; };
		3335033A2BD456C90068076C /* WorkoutView.swift */ = {isa = PBXFileReference; lastKnownFileType = sourcecode.swift; path = WorkoutView.swift; sourceTree = "<group>"; };
		3335033E2BD583B40068076C /* SupersetView.swift */ = {isa = PBXFileReference; lastKnownFileType = sourcecode.swift; path = SupersetView.swift; sourceTree = "<group>"; };
		3357F2572BD9656E0037D35C /* Utils.swift */ = {isa = PBXFileReference; lastKnownFileType = sourcecode.swift; path = Utils.swift; sourceTree = "<group>"; };
		33A5E28B2BD976EB009EC780 /* SettingsController.swift */ = {isa = PBXFileReference; lastKnownFileType = sourcecode.swift; path = SettingsController.swift; sourceTree = "<group>"; };
		33A5E2962BDAB33D009EC780 /* Sets-Watch-App-Info.plist */ = {isa = PBXFileReference; lastKnownFileType = text.plist; path = "Sets-Watch-App-Info.plist"; sourceTree = SOURCE_ROOT; };
		33A5E2972BDC0040009EC780 /* TapControlsOverlay.swift */ = {isa = PBXFileReference; lastKnownFileType = sourcecode.swift; path = TapControlsOverlay.swift; sourceTree = "<group>"; };
		33A5E2992BDC0A41009EC780 /* ActiveSupersetScrollView.swift */ = {isa = PBXFileReference; lastKnownFileType = sourcecode.swift; path = ActiveSupersetScrollView.swift; sourceTree = "<group>"; };
/* End PBXFileReference section */

/* Begin PBXFrameworksBuildPhase section */
		333502E82BD425170068076C /* Frameworks */ = {
			isa = PBXFrameworksBuildPhase;
			buildActionMask = 2147483647;
			files = (
			);
			runOnlyForDeploymentPostprocessing = 0;
		};
		333502FA2BD425180068076C /* Frameworks */ = {
			isa = PBXFrameworksBuildPhase;
			buildActionMask = 2147483647;
			files = (
			);
			runOnlyForDeploymentPostprocessing = 0;
		};
		333503042BD425180068076C /* Frameworks */ = {
			isa = PBXFrameworksBuildPhase;
			buildActionMask = 2147483647;
			files = (
			);
			runOnlyForDeploymentPostprocessing = 0;
		};
/* End PBXFrameworksBuildPhase section */

/* Begin PBXGroup section */
		330361F72BD893E50014CD3C /* ActiveWorkout */ = {
			isa = PBXGroup;
			children = (
				330361F82BD893F90014CD3C /* ActiveWorkoutView.swift */,
				330361FA2BD895C70014CD3C /* ActiveSuperset.swift */,
				330361FC2BD8B4F80014CD3C /* SupersetSettingsSheetView.swift */,
				332E82702BD9439D008FE9B4 /* TimerView.swift */,
				33A5E2972BDC0040009EC780 /* TapControlsOverlay.swift */,
				33A5E2992BDC0A41009EC780 /* ActiveSupersetScrollView.swift */,
				33254A2D2BDC118B004001DE /* SingleSupersetView.swift */,
			);
			path = ActiveWorkout;
			sourceTree = "<group>";
		};
		330361FE2BD935AB0014CD3C /* Settings */ = {
			isa = PBXGroup;
			children = (
				330361FF2BD935B60014CD3C /* SettingsView.swift */,
			);
			path = Settings;
			sourceTree = "<group>";
		};
		330362072BD93AF50014CD3C /* Exts */ = {
			isa = PBXGroup;
			children = (
				330362082BD93B070014CD3C /* PublishedExt.swift */,
				3303620A2BD93D0C0014CD3C /* CodableColor.swift */,
			);
			path = Exts;
			sourceTree = "<group>";
		};
		333502DE2BD425170068076C = {
			isa = PBXGroup;
			children = (
				333502EF2BD425170068076C /* Sets Watch App */,
				333503002BD425180068076C /* Sets Watch AppTests */,
				3335030A2BD425180068076C /* Sets Watch AppUITests */,
				333502E62BD425170068076C /* Products */,
			);
			sourceTree = "<group>";
		};
		333502E62BD425170068076C /* Products */ = {
			isa = PBXGroup;
			children = (
				333502E52BD425170068076C /* Sets.app */,
				333502EB2BD425170068076C /* Sets Watch App.app */,
				333502FD2BD425180068076C /* Sets Watch AppTests.xctest */,
				333503072BD425180068076C /* Sets Watch AppUITests.xctest */,
			);
			name = Products;
			sourceTree = "<group>";
		};
		333502EF2BD425170068076C /* Sets Watch App */ = {
			isa = PBXGroup;
			children = (
				33A5E2962BDAB33D009EC780 /* Sets-Watch-App-Info.plist */,
				330362032BD9386B0014CD3C /* WorkoutListView.swift */,
				333502F02BD425170068076C /* SetsApp.swift */,
				333503282BD428AD0068076C /* Controllers */,
				333503202BD426040068076C /* Models */,
				3335031E2BD4258E0068076C /* Views */,
				330362072BD93AF50014CD3C /* Exts */,
				3335032D2BD42CF50068076C /* Misc */,
				333502F42BD425180068076C /* Assets.xcassets */,
				333502F62BD425180068076C /* Preview Content */,
			);
			path = "Sets Watch App";
			sourceTree = "<group>";
		};
		333502F62BD425180068076C /* Preview Content */ = {
			isa = PBXGroup;
			children = (
				333502F72BD425180068076C /* Preview Assets.xcassets */,
			);
			path = "Preview Content";
			sourceTree = "<group>";
		};
		333503002BD425180068076C /* Sets Watch AppTests */ = {
			isa = PBXGroup;
			children = (
				333503012BD425180068076C /* Sets_Watch_AppTests.swift */,
			);
			path = "Sets Watch AppTests";
			sourceTree = "<group>";
		};
		3335030A2BD425180068076C /* Sets Watch AppUITests */ = {
			isa = PBXGroup;
			children = (
				3335030B2BD425180068076C /* Sets_Watch_AppUITests.swift */,
				3335030D2BD425180068076C /* Sets_Watch_AppUITestsLaunchTests.swift */,
			);
			path = "Sets Watch AppUITests";
			sourceTree = "<group>";
		};
		3335031E2BD4258E0068076C /* Views */ = {
			isa = PBXGroup;
			children = (
				3335033A2BD456C90068076C /* WorkoutView.swift */,
				330361FE2BD935AB0014CD3C /* Settings */,
				330361F72BD893E50014CD3C /* ActiveWorkout */,
				333503392BD456BC0068076C /* Workouts */,
				333503382BD456AD0068076C /* Exercises */,
			);
			path = Views;
			sourceTree = "<group>";
		};
		333503202BD426040068076C /* Models */ = {
			isa = PBXGroup;
			children = (
				333503212BD426400068076C /* SetModel.swift */,
				333503242BD4270D0068076C /* HelperModels.swift */,
				333503262BD427770068076C /* ExerciseModel.swift */,
				333503292BD428F10068076C /* WorkoutModel.swift */,
				3335032B2BD42A240068076C /* SupersetModel.swift */,
			);
			path = Models;
			sourceTree = "<group>";
		};
		333503282BD428AD0068076C /* Controllers */ = {
			isa = PBXGroup;
			children = (
				330362052BD9389E0014CD3C /* CentralStorage.swift */,
				33A5E28B2BD976EB009EC780 /* SettingsController.swift */,
			);
			path = Controllers;
			sourceTree = "<group>";
		};
		3335032D2BD42CF50068076C /* Misc */ = {
			isa = PBXGroup;
			children = (
				3335032E2BD42D090068076C /* ExampleData.swift */,
				332E82742BD944FC008FE9B4 /* WorkoutTimer.swift */,
				3357F2572BD9656E0037D35C /* Utils.swift */,
			);
			path = Misc;
			sourceTree = "<group>";
		};
		333503382BD456AD0068076C /* Exercises */ = {
			isa = PBXGroup;
			children = (
				333503322BD4326A0068076C /* ExerciseSetView.swift */,
				333503342BD434C20068076C /* ExerciseSetCheckButtonView.swift */,
				333503362BD441310068076C /* ExerciseView.swift */,
			);
			path = Exercises;
			sourceTree = "<group>";
		};
		333503392BD456BC0068076C /* Workouts */ = {
			isa = PBXGroup;
			children = (
				3335033E2BD583B40068076C /* SupersetView.swift */,
				330362012BD9363A0014CD3C /* WorkoutOverview.swift */,
			);
			path = Workouts;
			sourceTree = "<group>";
		};
/* End PBXGroup section */

/* Begin PBXNativeTarget section */
		333502E42BD425170068076C /* Sets */ = {
			isa = PBXNativeTarget;
			buildConfigurationList = 333503152BD425180068076C /* Build configuration list for PBXNativeTarget "Sets" */;
			buildPhases = (
				333502E32BD425170068076C /* Resources */,
				333503142BD425180068076C /* Embed Watch Content */,
			);
			buildRules = (
			);
			dependencies = (
				333502EE2BD425170068076C /* PBXTargetDependency */,
			);
			name = Sets;
			productName = Sets;
			productReference = 333502E52BD425170068076C /* Sets.app */;
			productType = "com.apple.product-type.application.watchapp2-container";
		};
		333502EA2BD425170068076C /* Sets Watch App */ = {
			isa = PBXNativeTarget;
			buildConfigurationList = 333503112BD425180068076C /* Build configuration list for PBXNativeTarget "Sets Watch App" */;
			buildPhases = (
				333502E72BD425170068076C /* Sources */,
				333502E82BD425170068076C /* Frameworks */,
				333502E92BD425170068076C /* Resources */,
			);
			buildRules = (
			);
			dependencies = (
			);
			name = "Sets Watch App";
			productName = "Sets Watch App";
			productReference = 333502EB2BD425170068076C /* Sets Watch App.app */;
			productType = "com.apple.product-type.application";
		};
		333502FC2BD425180068076C /* Sets Watch AppTests */ = {
			isa = PBXNativeTarget;
			buildConfigurationList = 333503182BD425180068076C /* Build configuration list for PBXNativeTarget "Sets Watch AppTests" */;
			buildPhases = (
				333502F92BD425180068076C /* Sources */,
				333502FA2BD425180068076C /* Frameworks */,
				333502FB2BD425180068076C /* Resources */,
			);
			buildRules = (
			);
			dependencies = (
				333502FF2BD425180068076C /* PBXTargetDependency */,
			);
			name = "Sets Watch AppTests";
			productName = "Sets Watch AppTests";
			productReference = 333502FD2BD425180068076C /* Sets Watch AppTests.xctest */;
			productType = "com.apple.product-type.bundle.unit-test";
		};
		333503062BD425180068076C /* Sets Watch AppUITests */ = {
			isa = PBXNativeTarget;
			buildConfigurationList = 3335031B2BD425180068076C /* Build configuration list for PBXNativeTarget "Sets Watch AppUITests" */;
			buildPhases = (
				333503032BD425180068076C /* Sources */,
				333503042BD425180068076C /* Frameworks */,
				333503052BD425180068076C /* Resources */,
			);
			buildRules = (
			);
			dependencies = (
				333503092BD425180068076C /* PBXTargetDependency */,
			);
			name = "Sets Watch AppUITests";
			productName = "Sets Watch AppUITests";
			productReference = 333503072BD425180068076C /* Sets Watch AppUITests.xctest */;
			productType = "com.apple.product-type.bundle.ui-testing";
		};
/* End PBXNativeTarget section */

/* Begin PBXProject section */
		333502DF2BD425170068076C /* Project object */ = {
			isa = PBXProject;
			attributes = {
				BuildIndependentTargetsInParallel = 1;
				LastSwiftUpdateCheck = 1530;
				LastUpgradeCheck = 1530;
				TargetAttributes = {
					333502E42BD425170068076C = {
						CreatedOnToolsVersion = 15.3;
					};
					333502EA2BD425170068076C = {
						CreatedOnToolsVersion = 15.3;
					};
					333502FC2BD425180068076C = {
						CreatedOnToolsVersion = 15.3;
						TestTargetID = 333502EA2BD425170068076C;
					};
					333503062BD425180068076C = {
						CreatedOnToolsVersion = 15.3;
						TestTargetID = 333502EA2BD425170068076C;
					};
				};
			};
			buildConfigurationList = 333502E22BD425170068076C /* Build configuration list for PBXProject "Sets" */;
			compatibilityVersion = "Xcode 14.0";
			developmentRegion = en;
			hasScannedForEncodings = 0;
			knownRegions = (
				en,
				Base,
			);
			mainGroup = 333502DE2BD425170068076C;
			productRefGroup = 333502E62BD425170068076C /* Products */;
			projectDirPath = "";
			projectRoot = "";
			targets = (
				333502E42BD425170068076C /* Sets */,
				333502EA2BD425170068076C /* Sets Watch App */,
				333502FC2BD425180068076C /* Sets Watch AppTests */,
				333503062BD425180068076C /* Sets Watch AppUITests */,
			);
		};
/* End PBXProject section */

/* Begin PBXResourcesBuildPhase section */
		333502E32BD425170068076C /* Resources */ = {
			isa = PBXResourcesBuildPhase;
			buildActionMask = 2147483647;
			files = (
			);
			runOnlyForDeploymentPostprocessing = 0;
		};
		333502E92BD425170068076C /* Resources */ = {
			isa = PBXResourcesBuildPhase;
			buildActionMask = 2147483647;
			files = (
				333502F82BD425180068076C /* Preview Assets.xcassets in Resources */,
				333502F52BD425180068076C /* Assets.xcassets in Resources */,
			);
			runOnlyForDeploymentPostprocessing = 0;
		};
		333502FB2BD425180068076C /* Resources */ = {
			isa = PBXResourcesBuildPhase;
			buildActionMask = 2147483647;
			files = (
			);
			runOnlyForDeploymentPostprocessing = 0;
		};
		333503052BD425180068076C /* Resources */ = {
			isa = PBXResourcesBuildPhase;
			buildActionMask = 2147483647;
			files = (
			);
			runOnlyForDeploymentPostprocessing = 0;
		};
/* End PBXResourcesBuildPhase section */

/* Begin PBXSourcesBuildPhase section */
		333502E72BD425170068076C /* Sources */ = {
			isa = PBXSourcesBuildPhase;
			buildActionMask = 2147483647;
			files = (
				330362062BD9389E0014CD3C /* CentralStorage.swift in Sources */,
				330362022BD9363A0014CD3C /* WorkoutOverview.swift in Sources */,
				330362092BD93B070014CD3C /* PublishedExt.swift in Sources */,
				3335032A2BD428F10068076C /* WorkoutModel.swift in Sources */,
				3335032F2BD42D090068076C /* ExampleData.swift in Sources */,
				3357F2582BD9656E0037D35C /* Utils.swift in Sources */,
				333503252BD4270D0068076C /* HelperModels.swift in Sources */,
				332E82712BD9439D008FE9B4 /* TimerView.swift in Sources */,
				333503352BD434C20068076C /* ExerciseSetCheckButtonView.swift in Sources */,
				333503222BD426400068076C /* SetModel.swift in Sources */,
				3335033F2BD583B40068076C /* SupersetView.swift in Sources */,
				330361FB2BD895C70014CD3C /* ActiveSuperset.swift in Sources */,
				333502F12BD425170068076C /* SetsApp.swift in Sources */,
				333503372BD441310068076C /* ExerciseView.swift in Sources */,
				33A5E28C2BD976EB009EC780 /* SettingsController.swift in Sources */,
				330362002BD935B60014CD3C /* SettingsView.swift in Sources */,
				330361FD2BD8B4F80014CD3C /* SupersetSettingsSheetView.swift in Sources */,
				330361F92BD893F90014CD3C /* ActiveWorkoutView.swift in Sources */,
				33A5E29A2BDC0A41009EC780 /* ActiveSupersetScrollView.swift in Sources */,
				333503332BD4326A0068076C /* ExerciseSetView.swift in Sources */,
				330362042BD9386B0014CD3C /* WorkoutListView.swift in Sources */,
				3303620B2BD93D0C0014CD3C /* CodableColor.swift in Sources */,
				3335032C2BD42A240068076C /* SupersetModel.swift in Sources */,
				33254A2E2BDC118B004001DE /* SingleSupersetView.swift in Sources */,
				3335033B2BD456C90068076C /* WorkoutView.swift in Sources */,
				333503272BD427770068076C /* ExerciseModel.swift in Sources */,
				33A5E2982BDC0040009EC780 /* TapControlsOverlay.swift in Sources */,
				332E82752BD944FC008FE9B4 /* WorkoutTimer.swift in Sources */,
			);
			runOnlyForDeploymentPostprocessing = 0;
		};
		333502F92BD425180068076C /* Sources */ = {
			isa = PBXSourcesBuildPhase;
			buildActionMask = 2147483647;
			files = (
				333503022BD425180068076C /* Sets_Watch_AppTests.swift in Sources */,
			);
			runOnlyForDeploymentPostprocessing = 0;
		};
		333503032BD425180068076C /* Sources */ = {
			isa = PBXSourcesBuildPhase;
			buildActionMask = 2147483647;
			files = (
				3335030C2BD425180068076C /* Sets_Watch_AppUITests.swift in Sources */,
				3335030E2BD425180068076C /* Sets_Watch_AppUITestsLaunchTests.swift in Sources */,
			);
			runOnlyForDeploymentPostprocessing = 0;
		};
/* End PBXSourcesBuildPhase section */

/* Begin PBXTargetDependency section */
		333502EE2BD425170068076C /* PBXTargetDependency */ = {
			isa = PBXTargetDependency;
			target = 333502EA2BD425170068076C /* Sets Watch App */;
			targetProxy = 333502ED2BD425170068076C /* PBXContainerItemProxy */;
		};
		333502FF2BD425180068076C /* PBXTargetDependency */ = {
			isa = PBXTargetDependency;
			target = 333502EA2BD425170068076C /* Sets Watch App */;
			targetProxy = 333502FE2BD425180068076C /* PBXContainerItemProxy */;
		};
		333503092BD425180068076C /* PBXTargetDependency */ = {
			isa = PBXTargetDependency;
			target = 333502EA2BD425170068076C /* Sets Watch App */;
			targetProxy = 333503082BD425180068076C /* PBXContainerItemProxy */;
		};
/* End PBXTargetDependency section */

/* Begin XCBuildConfiguration section */
		3335030F2BD425180068076C /* Debug */ = {
			isa = XCBuildConfiguration;
			buildSettings = {
				ALWAYS_SEARCH_USER_PATHS = NO;
				ASSETCATALOG_COMPILER_GENERATE_SWIFT_ASSET_SYMBOL_EXTENSIONS = YES;
				CLANG_ANALYZER_NONNULL = YES;
				CLANG_ANALYZER_NUMBER_OBJECT_CONVERSION = YES_AGGRESSIVE;
				CLANG_CXX_LANGUAGE_STANDARD = "gnu++20";
				CLANG_ENABLE_MODULES = YES;
				CLANG_ENABLE_OBJC_ARC = YES;
				CLANG_ENABLE_OBJC_WEAK = YES;
				CLANG_WARN_BLOCK_CAPTURE_AUTORELEASING = YES;
				CLANG_WARN_BOOL_CONVERSION = YES;
				CLANG_WARN_COMMA = YES;
				CLANG_WARN_CONSTANT_CONVERSION = YES;
				CLANG_WARN_DEPRECATED_OBJC_IMPLEMENTATIONS = YES;
				CLANG_WARN_DIRECT_OBJC_ISA_USAGE = YES_ERROR;
				CLANG_WARN_DOCUMENTATION_COMMENTS = YES;
				CLANG_WARN_EMPTY_BODY = YES;
				CLANG_WARN_ENUM_CONVERSION = YES;
				CLANG_WARN_INFINITE_RECURSION = YES;
				CLANG_WARN_INT_CONVERSION = YES;
				CLANG_WARN_NON_LITERAL_NULL_CONVERSION = YES;
				CLANG_WARN_OBJC_IMPLICIT_RETAIN_SELF = YES;
				CLANG_WARN_OBJC_LITERAL_CONVERSION = YES;
				CLANG_WARN_OBJC_ROOT_CLASS = YES_ERROR;
				CLANG_WARN_QUOTED_INCLUDE_IN_FRAMEWORK_HEADER = YES;
				CLANG_WARN_RANGE_LOOP_ANALYSIS = YES;
				CLANG_WARN_STRICT_PROTOTYPES = YES;
				CLANG_WARN_SUSPICIOUS_MOVE = YES;
				CLANG_WARN_UNGUARDED_AVAILABILITY = YES_AGGRESSIVE;
				CLANG_WARN_UNREACHABLE_CODE = YES;
				CLANG_WARN__DUPLICATE_METHOD_MATCH = YES;
				COPY_PHASE_STRIP = NO;
				CURRENT_PROJECT_VERSION = 1.1.1;
				DEBUG_INFORMATION_FORMAT = dwarf;
				ENABLE_STRICT_OBJC_MSGSEND = YES;
				ENABLE_TESTABILITY = YES;
				ENABLE_USER_SCRIPT_SANDBOXING = YES;
				GCC_C_LANGUAGE_STANDARD = gnu17;
				GCC_DYNAMIC_NO_PIC = NO;
				GCC_NO_COMMON_BLOCKS = YES;
				GCC_OPTIMIZATION_LEVEL = 0;
				GCC_PREPROCESSOR_DEFINITIONS = (
					"DEBUG=1",
					"$(inherited)",
				);
				GCC_WARN_64_TO_32_BIT_CONVERSION = YES;
				GCC_WARN_ABOUT_RETURN_TYPE = YES_ERROR;
				GCC_WARN_UNDECLARED_SELECTOR = YES;
				GCC_WARN_UNINITIALIZED_AUTOS = YES_AGGRESSIVE;
				GCC_WARN_UNUSED_FUNCTION = YES;
				GCC_WARN_UNUSED_VARIABLE = YES;
				IPHONEOS_DEPLOYMENT_TARGET = 17.0;
				LOCALIZATION_PREFERS_STRING_CATALOGS = YES;
				MARKETING_VERSION = 1.1.1;
				MTL_ENABLE_DEBUG_INFO = INCLUDE_SOURCE;
				MTL_FAST_MATH = YES;
				NEW_SETTING = "";
				ONLY_ACTIVE_ARCH = YES;
				SWIFT_ACTIVE_COMPILATION_CONDITIONS = "DEBUG $(inherited)";
				SWIFT_OPTIMIZATION_LEVEL = "-Onone";
				WATCHOS_DEPLOYMENT_TARGET = 10.0;
			};
			name = Debug;
		};
		333503102BD425180068076C /* Release */ = {
			isa = XCBuildConfiguration;
			buildSettings = {
				ALWAYS_SEARCH_USER_PATHS = NO;
				ASSETCATALOG_COMPILER_GENERATE_SWIFT_ASSET_SYMBOL_EXTENSIONS = YES;
				CLANG_ANALYZER_NONNULL = YES;
				CLANG_ANALYZER_NUMBER_OBJECT_CONVERSION = YES_AGGRESSIVE;
				CLANG_CXX_LANGUAGE_STANDARD = "gnu++20";
				CLANG_ENABLE_MODULES = YES;
				CLANG_ENABLE_OBJC_ARC = YES;
				CLANG_ENABLE_OBJC_WEAK = YES;
				CLANG_WARN_BLOCK_CAPTURE_AUTORELEASING = YES;
				CLANG_WARN_BOOL_CONVERSION = YES;
				CLANG_WARN_COMMA = YES;
				CLANG_WARN_CONSTANT_CONVERSION = YES;
				CLANG_WARN_DEPRECATED_OBJC_IMPLEMENTATIONS = YES;
				CLANG_WARN_DIRECT_OBJC_ISA_USAGE = YES_ERROR;
				CLANG_WARN_DOCUMENTATION_COMMENTS = YES;
				CLANG_WARN_EMPTY_BODY = YES;
				CLANG_WARN_ENUM_CONVERSION = YES;
				CLANG_WARN_INFINITE_RECURSION = YES;
				CLANG_WARN_INT_CONVERSION = YES;
				CLANG_WARN_NON_LITERAL_NULL_CONVERSION = YES;
				CLANG_WARN_OBJC_IMPLICIT_RETAIN_SELF = YES;
				CLANG_WARN_OBJC_LITERAL_CONVERSION = YES;
				CLANG_WARN_OBJC_ROOT_CLASS = YES_ERROR;
				CLANG_WARN_QUOTED_INCLUDE_IN_FRAMEWORK_HEADER = YES;
				CLANG_WARN_RANGE_LOOP_ANALYSIS = YES;
				CLANG_WARN_STRICT_PROTOTYPES = YES;
				CLANG_WARN_SUSPICIOUS_MOVE = YES;
				CLANG_WARN_UNGUARDED_AVAILABILITY = YES_AGGRESSIVE;
				CLANG_WARN_UNREACHABLE_CODE = YES;
				CLANG_WARN__DUPLICATE_METHOD_MATCH = YES;
				COPY_PHASE_STRIP = NO;
				CURRENT_PROJECT_VERSION = 1.1.1;
				DEBUG_INFORMATION_FORMAT = "dwarf-with-dsym";
				ENABLE_NS_ASSERTIONS = NO;
				ENABLE_STRICT_OBJC_MSGSEND = YES;
				ENABLE_USER_SCRIPT_SANDBOXING = YES;
				GCC_C_LANGUAGE_STANDARD = gnu17;
				GCC_NO_COMMON_BLOCKS = YES;
				GCC_WARN_64_TO_32_BIT_CONVERSION = YES;
				GCC_WARN_ABOUT_RETURN_TYPE = YES_ERROR;
				GCC_WARN_UNDECLARED_SELECTOR = YES;
				GCC_WARN_UNINITIALIZED_AUTOS = YES_AGGRESSIVE;
				GCC_WARN_UNUSED_FUNCTION = YES;
				GCC_WARN_UNUSED_VARIABLE = YES;
				IPHONEOS_DEPLOYMENT_TARGET = 17.0;
				LOCALIZATION_PREFERS_STRING_CATALOGS = YES;
				MARKETING_VERSION = 1.1.1;
				MTL_ENABLE_DEBUG_INFO = NO;
				MTL_FAST_MATH = YES;
				NEW_SETTING = "";
				SWIFT_COMPILATION_MODE = wholemodule;
				WATCHOS_DEPLOYMENT_TARGET = 10.0;
			};
			name = Release;
		};
		333503122BD425180068076C /* Debug */ = {
			isa = XCBuildConfiguration;
			buildSettings = {
				ASSETCATALOG_COMPILER_APPICON_NAME = AppIcon;
				ASSETCATALOG_COMPILER_GLOBAL_ACCENT_COLOR_NAME = AccentColor;
				CODE_SIGN_STYLE = Automatic;
				CURRENT_PROJECT_VERSION = 1.1.1;
				DEVELOPMENT_ASSET_PATHS = "\"Sets Watch App/Preview Content\"";
				DEVELOPMENT_TEAM = Z2Z9BCQBJN;
				ENABLE_PREVIEWS = YES;
				GENERATE_INFOPLIST_FILE = YES;
				INFOPLIST_FILE = "Sets-Watch-App-Info.plist";
				INFOPLIST_KEY_CFBundleDisplayName = Sets;
				INFOPLIST_KEY_UISupportedInterfaceOrientations = "UIInterfaceOrientationPortrait UIInterfaceOrientationPortraitUpsideDown";
				INFOPLIST_KEY_WKWatchOnly = YES;
				LD_RUNPATH_SEARCH_PATHS = (
					"$(inherited)",
					"@executable_path/Frameworks",
				);
				MARKETING_VERSION = 1.1.1;
				PRODUCT_BUNDLE_IDENTIFIER = com.clengineering.Sets.watchkitapp;
				PRODUCT_NAME = "$(TARGET_NAME)";
				SDKROOT = watchos;
				SKIP_INSTALL = YES;
				SWIFT_EMIT_LOC_STRINGS = YES;
				SWIFT_VERSION = 5.0;
				TARGETED_DEVICE_FAMILY = 4;
				WATCHOS_DEPLOYMENT_TARGET = 10.0;
			};
			name = Debug;
		};
		333503132BD425180068076C /* Release */ = {
			isa = XCBuildConfiguration;
			buildSettings = {
				ASSETCATALOG_COMPILER_APPICON_NAME = AppIcon;
				ASSETCATALOG_COMPILER_GLOBAL_ACCENT_COLOR_NAME = AccentColor;
				CODE_SIGN_STYLE = Automatic;
				CURRENT_PROJECT_VERSION = 1.1.1;
				DEVELOPMENT_ASSET_PATHS = "\"Sets Watch App/Preview Content\"";
				DEVELOPMENT_TEAM = Z2Z9BCQBJN;
				ENABLE_PREVIEWS = YES;
				GENERATE_INFOPLIST_FILE = YES;
				INFOPLIST_FILE = "Sets-Watch-App-Info.plist";
				INFOPLIST_KEY_CFBundleDisplayName = Sets;
				INFOPLIST_KEY_UISupportedInterfaceOrientations = "UIInterfaceOrientationPortrait UIInterfaceOrientationPortraitUpsideDown";
				INFOPLIST_KEY_WKWatchOnly = YES;
				LD_RUNPATH_SEARCH_PATHS = (
					"$(inherited)",
					"@executable_path/Frameworks",
				);
				MARKETING_VERSION = 1.1.1;
				PRODUCT_BUNDLE_IDENTIFIER = com.clengineering.Sets.watchkitapp;
				PRODUCT_NAME = "$(TARGET_NAME)";
				SDKROOT = watchos;
				SKIP_INSTALL = YES;
				SWIFT_EMIT_LOC_STRINGS = YES;
				SWIFT_VERSION = 5.0;
				TARGETED_DEVICE_FAMILY = 4;
				VALIDATE_PRODUCT = YES;
				WATCHOS_DEPLOYMENT_TARGET = 10.0;
			};
			name = Release;
		};
		333503162BD425180068076C /* Debug */ = {
			isa = XCBuildConfiguration;
			buildSettings = {
				ALWAYS_EMBED_SWIFT_STANDARD_LIBRARIES = YES;
				CODE_SIGN_STYLE = Automatic;
				CURRENT_PROJECT_VERSION = 1.1.1;
				DEVELOPMENT_TEAM = Z2Z9BCQBJN;
				"INFOPLIST_FILE[sdk=*]" = "Sets-Watch-App-Info.plist";
				INFOPLIST_KEY_CFBundleDisplayName = Sets;
				IPHONEOS_DEPLOYMENT_TARGET = 15.0;
				MARKETING_VERSION = 1.1.1;
				PRODUCT_BUNDLE_IDENTIFIER = com.clengineering.Sets;
				PRODUCT_NAME = "$(TARGET_NAME)";
				SDKROOT = iphoneos;
				SWIFT_VERSION = 5.0;
			};
			name = Debug;
		};
		333503172BD425180068076C /* Release */ = {
			isa = XCBuildConfiguration;
			buildSettings = {
				ALWAYS_EMBED_SWIFT_STANDARD_LIBRARIES = YES;
				CODE_SIGN_STYLE = Automatic;
				CURRENT_PROJECT_VERSION = 1.1.1;
				DEVELOPMENT_TEAM = Z2Z9BCQBJN;
				"INFOPLIST_FILE[sdk=*]" = "Sets-Watch-App-Info.plist";
				INFOPLIST_KEY_CFBundleDisplayName = Sets;
				IPHONEOS_DEPLOYMENT_TARGET = 15.0;
				MARKETING_VERSION = 1.1.1;
				PRODUCT_BUNDLE_IDENTIFIER = com.clengineering.Sets;
				PRODUCT_NAME = "$(TARGET_NAME)";
				SDKROOT = iphoneos;
				SWIFT_VERSION = 5.0;
				VALIDATE_PRODUCT = YES;
			};
			name = Release;
		};
		333503192BD425180068076C /* Debug */ = {
			isa = XCBuildConfiguration;
			buildSettings = {
				ALWAYS_EMBED_SWIFT_STANDARD_LIBRARIES = YES;
				BUNDLE_LOADER = "$(TEST_HOST)";
				CODE_SIGN_STYLE = Automatic;
				CURRENT_PROJECT_VERSION = 1.1.1;
				DEVELOPMENT_TEAM = Z2Z9BCQBJN;
				GENERATE_INFOPLIST_FILE = YES;
				MARKETING_VERSION = 1.1.1;
				PRODUCT_BUNDLE_IDENTIFIER = "com.clengineering.Sets-Watch-AppTests";
				PRODUCT_NAME = "$(TARGET_NAME)";
				SDKROOT = watchos;
				SWIFT_EMIT_LOC_STRINGS = NO;
				SWIFT_VERSION = 5.0;
				TARGETED_DEVICE_FAMILY = 4;
				TEST_HOST = "$(BUILT_PRODUCTS_DIR)/Sets Watch App.app/$(BUNDLE_EXECUTABLE_FOLDER_PATH)/Sets Watch App";
				WATCHOS_DEPLOYMENT_TARGET = 10.4;
			};
			name = Debug;
		};
		3335031A2BD425180068076C /* Release */ = {
			isa = XCBuildConfiguration;
			buildSettings = {
				ALWAYS_EMBED_SWIFT_STANDARD_LIBRARIES = YES;
				BUNDLE_LOADER = "$(TEST_HOST)";
				CODE_SIGN_STYLE = Automatic;
				CURRENT_PROJECT_VERSION = 1.1.1;
				DEVELOPMENT_TEAM = Z2Z9BCQBJN;
				GENERATE_INFOPLIST_FILE = YES;
				MARKETING_VERSION = 1.1.1;
				PRODUCT_BUNDLE_IDENTIFIER = "com.clengineering.Sets-Watch-AppTests";
				PRODUCT_NAME = "$(TARGET_NAME)";
				SDKROOT = watchos;
				SWIFT_EMIT_LOC_STRINGS = NO;
				SWIFT_VERSION = 5.0;
				TARGETED_DEVICE_FAMILY = 4;
				TEST_HOST = "$(BUILT_PRODUCTS_DIR)/Sets Watch App.app/$(BUNDLE_EXECUTABLE_FOLDER_PATH)/Sets Watch App";
				VALIDATE_PRODUCT = YES;
				WATCHOS_DEPLOYMENT_TARGET = 10.4;
			};
			name = Release;
		};
		3335031C2BD425180068076C /* Debug */ = {
			isa = XCBuildConfiguration;
			buildSettings = {
				ALWAYS_EMBED_SWIFT_STANDARD_LIBRARIES = YES;
				CODE_SIGN_STYLE = Automatic;
				CURRENT_PROJECT_VERSION = 1.1.1;
				DEVELOPMENT_TEAM = Z2Z9BCQBJN;
				GENERATE_INFOPLIST_FILE = YES;
				MARKETING_VERSION = 1.1.1;
				PRODUCT_BUNDLE_IDENTIFIER = "com.clengineering.Sets-Watch-AppUITests";
				PRODUCT_NAME = "$(TARGET_NAME)";
				SDKROOT = watchos;
				SWIFT_EMIT_LOC_STRINGS = NO;
				SWIFT_VERSION = 5.0;
				TARGETED_DEVICE_FAMILY = 4;
				TEST_TARGET_NAME = "Sets Watch App";
				WATCHOS_DEPLOYMENT_TARGET = 10.4;
			};
			name = Debug;
		};
		3335031D2BD425180068076C /* Release */ = {
			isa = XCBuildConfiguration;
			buildSettings = {
				ALWAYS_EMBED_SWIFT_STANDARD_LIBRARIES = YES;
				CODE_SIGN_STYLE = Automatic;
				CURRENT_PROJECT_VERSION = 1.1.1;
				DEVELOPMENT_TEAM = Z2Z9BCQBJN;
				GENERATE_INFOPLIST_FILE = YES;
				MARKETING_VERSION = 1.1.1;
				PRODUCT_BUNDLE_IDENTIFIER = "com.clengineering.Sets-Watch-AppUITests";
				PRODUCT_NAME = "$(TARGET_NAME)";
				SDKROOT = watchos;
				SWIFT_EMIT_LOC_STRINGS = NO;
				SWIFT_VERSION = 5.0;
				TARGETED_DEVICE_FAMILY = 4;
				TEST_TARGET_NAME = "Sets Watch App";
				VALIDATE_PRODUCT = YES;
				WATCHOS_DEPLOYMENT_TARGET = 10.4;
			};
			name = Release;
		};
/* End XCBuildConfiguration section */

/* Begin XCConfigurationList section */
		333502E22BD425170068076C /* Build configuration list for PBXProject "Sets" */ = {
			isa = XCConfigurationList;
			buildConfigurations = (
				3335030F2BD425180068076C /* Debug */,
				333503102BD425180068076C /* Release */,
			);
			defaultConfigurationIsVisible = 0;
			defaultConfigurationName = Release;
		};
		333503112BD425180068076C /* Build configuration list for PBXNativeTarget "Sets Watch App" */ = {
			isa = XCConfigurationList;
			buildConfigurations = (
				333503122BD425180068076C /* Debug */,
				333503132BD425180068076C /* Release */,
			);
			defaultConfigurationIsVisible = 0;
			defaultConfigurationName = Release;
		};
		333503152BD425180068076C /* Build configuration list for PBXNativeTarget "Sets" */ = {
			isa = XCConfigurationList;
			buildConfigurations = (
				333503162BD425180068076C /* Debug */,
				333503172BD425180068076C /* Release */,
			);
			defaultConfigurationIsVisible = 0;
			defaultConfigurationName = Release;
		};
		333503182BD425180068076C /* Build configuration list for PBXNativeTarget "Sets Watch AppTests" */ = {
			isa = XCConfigurationList;
			buildConfigurations = (
				333503192BD425180068076C /* Debug */,
				3335031A2BD425180068076C /* Release */,
			);
			defaultConfigurationIsVisible = 0;
			defaultConfigurationName = Release;
		};
		3335031B2BD425180068076C /* Build configuration list for PBXNativeTarget "Sets Watch AppUITests" */ = {
			isa = XCConfigurationList;
			buildConfigurations = (
				3335031C2BD425180068076C /* Debug */,
				3335031D2BD425180068076C /* Release */,
			);
			defaultConfigurationIsVisible = 0;
			defaultConfigurationName = Release;
		};
/* End XCConfigurationList section */
	};
	rootObject = 333502DF2BD425170068076C /* Project object */;
}
