// !$*UTF8*$!
{
	archiveVersion = 1;
	classes = {
	};
	objectVersion = 56;
	objects = {

/* Begin PBXBuildFile section */
		330361FD2BD8B4F80014CD3C /* SupersetSettingsSheetView.swift in Sources */ = {isa = PBXBuildFile; fileRef = 330361FC2BD8B4F80014CD3C /* SupersetSettingsSheetView.swift */; };
		330362002BD935B60014CD3C /* SettingsView.swift in Sources */ = {isa = PBXBuildFile; fileRef = 330361FF2BD935B60014CD3C /* SettingsView.swift */; };
		330362022BD9363A0014CD3C /* WorkoutOverview.swift in Sources */ = {isa = PBXBuildFile; fileRef = 330362012BD9363A0014CD3C /* WorkoutOverview.swift */; };
		330362042BD9386B0014CD3C /* WorkoutListView.swift in Sources */ = {isa = PBXBuildFile; fileRef = 330362032BD9386B0014CD3C /* WorkoutListView.swift */; };
		330362062BD9389E0014CD3C /* CentralStorage.swift in Sources */ = {isa = PBXBuildFile; fileRef = 330362052BD9389E0014CD3C /* CentralStorage.swift */; };
		330362092BD93B070014CD3C /* PublishedExt.swift in Sources */ = {isa = PBXBuildFile; fileRef = 330362082BD93B070014CD3C /* PublishedExt.swift */; };
		3303620B2BD93D0C0014CD3C /* CodableColor.swift in Sources */ = {isa = PBXBuildFile; fileRef = 3303620A2BD93D0C0014CD3C /* CodableColor.swift */; };
		3303BD612C1294AF00BB68A4 /* DemoSplitView.swift in Sources */ = {isa = PBXBuildFile; fileRef = 3303BD602C1294AF00BB68A4 /* DemoSplitView.swift */; };
		330941982BF12146002C1719 /* FitnessDatabase.swift in Sources */ = {isa = PBXBuildFile; fileRef = 330941972BF12146002C1719 /* FitnessDatabase.swift */; };
		3309419A2BF12418002C1719 /* NewExerciseListView.swift in Sources */ = {isa = PBXBuildFile; fileRef = 330941992BF12418002C1719 /* NewExerciseListView.swift */; };
		3309419D2BF12587002C1719 /* ExerciseListDatabaseView.swift in Sources */ = {isa = PBXBuildFile; fileRef = 3309419C2BF12587002C1719 /* ExerciseListDatabaseView.swift */; };
		330941A02BF12B6C002C1719 /* NewWorkoutSupersetListView.swift in Sources */ = {isa = PBXBuildFile; fileRef = 3309419F2BF12B6C002C1719 /* NewWorkoutSupersetListView.swift */; };
		330941A22BF1368C002C1719 /* SupersetCreationView.swift in Sources */ = {isa = PBXBuildFile; fileRef = 330941A12BF1368C002C1719 /* SupersetCreationView.swift */; };
		33254A2E2BDC118B004001DE /* SingleSupersetView.swift in Sources */ = {isa = PBXBuildFile; fileRef = 33254A2D2BDC118B004001DE /* SingleSupersetView.swift */; };
		332A38452BF51AA70000C4C1 /* EditSupersetRestTimerView.swift in Sources */ = {isa = PBXBuildFile; fileRef = 332A38442BF51AA70000C4C1 /* EditSupersetRestTimerView.swift */; };
		332A9BBE2C09BF7800AE77CF /* HistoryDetailView.swift in Sources */ = {isa = PBXBuildFile; fileRef = 332A9BBD2C09BF7800AE77CF /* HistoryDetailView.swift */; };
		332E82712BD9439D008FE9B4 /* TimerView.swift in Sources */ = {isa = PBXBuildFile; fileRef = 332E82702BD9439D008FE9B4 /* TimerView.swift */; };
		332E82752BD944FC008FE9B4 /* WorkoutTimer.swift in Sources */ = {isa = PBXBuildFile; fileRef = 332E82742BD944FC008FE9B4 /* WorkoutTimer.swift */; };
		333502EC2BD425170068076C /* Sets Watch App.app in Embed Watch Content */ = {isa = PBXBuildFile; fileRef = 333502EB2BD425170068076C /* Sets Watch App.app */; settings = {ATTRIBUTES = (RemoveHeadersOnCopy, ); }; };
		333502F12BD425170068076C /* SetsApp.swift in Sources */ = {isa = PBXBuildFile; fileRef = 333502F02BD425170068076C /* SetsApp.swift */; };
		333502F52BD425180068076C /* Assets.xcassets in Resources */ = {isa = PBXBuildFile; fileRef = 333502F42BD425180068076C /* Assets.xcassets */; };
		333502F82BD425180068076C /* Preview Assets.xcassets in Resources */ = {isa = PBXBuildFile; fileRef = 333502F72BD425180068076C /* Preview Assets.xcassets */; };
		333503022BD425180068076C /* Sets_Watch_AppTests.swift in Sources */ = {isa = PBXBuildFile; fileRef = 333503012BD425180068076C /* Sets_Watch_AppTests.swift */; };
		3335030C2BD425180068076C /* Sets_Watch_AppUITests.swift in Sources */ = {isa = PBXBuildFile; fileRef = 3335030B2BD425180068076C /* Sets_Watch_AppUITests.swift */; };
		3335030E2BD425180068076C /* Sets_Watch_AppUITestsLaunchTests.swift in Sources */ = {isa = PBXBuildFile; fileRef = 3335030D2BD425180068076C /* Sets_Watch_AppUITestsLaunchTests.swift */; };
		333503222BD426400068076C /* SetModel.swift in Sources */ = {isa = PBXBuildFile; fileRef = 333503212BD426400068076C /* SetModel.swift */; };
		333503252BD4270D0068076C /* HelperModels.swift in Sources */ = {isa = PBXBuildFile; fileRef = 333503242BD4270D0068076C /* HelperModels.swift */; };
		333503272BD427770068076C /* ExerciseModel.swift in Sources */ = {isa = PBXBuildFile; fileRef = 333503262BD427770068076C /* ExerciseModel.swift */; };
		3335032A2BD428F10068076C /* WorkoutModel.swift in Sources */ = {isa = PBXBuildFile; fileRef = 333503292BD428F10068076C /* WorkoutModel.swift */; };
		3335032C2BD42A240068076C /* SupersetModel.swift in Sources */ = {isa = PBXBuildFile; fileRef = 3335032B2BD42A240068076C /* SupersetModel.swift */; };
		3335032F2BD42D090068076C /* ExampleData.swift in Sources */ = {isa = PBXBuildFile; fileRef = 3335032E2BD42D090068076C /* ExampleData.swift */; };
		333503332BD4326A0068076C /* ExerciseSetView.swift in Sources */ = {isa = PBXBuildFile; fileRef = 333503322BD4326A0068076C /* ExerciseSetView.swift */; };
		333503352BD434C20068076C /* ExerciseSetCheckButtonView.swift in Sources */ = {isa = PBXBuildFile; fileRef = 333503342BD434C20068076C /* ExerciseSetCheckButtonView.swift */; };
		333503372BD441310068076C /* ExerciseView.swift in Sources */ = {isa = PBXBuildFile; fileRef = 333503362BD441310068076C /* ExerciseView.swift */; };
		3335033B2BD456C90068076C /* WorkoutView.swift in Sources */ = {isa = PBXBuildFile; fileRef = 3335033A2BD456C90068076C /* WorkoutView.swift */; };
		3335033F2BD583B40068076C /* SupersetView.swift in Sources */ = {isa = PBXBuildFile; fileRef = 3335033E2BD583B40068076C /* SupersetView.swift */; };
		3335BE3F2C100BBC008A43B1 /* ElapsedTimeView.swift in Sources */ = {isa = PBXBuildFile; fileRef = 3335BE3E2C100BBC008A43B1 /* ElapsedTimeView.swift */; };
		333CB4702BF2C2FF000ABA0F /* EditExerciseView.swift in Sources */ = {isa = PBXBuildFile; fileRef = 333CB46F2BF2C2FF000ABA0F /* EditExerciseView.swift */; };
		334944622BF5B2E000CF5A06 /* MainHistoryView.swift in Sources */ = {isa = PBXBuildFile; fileRef = 334944612BF5B2E000CF5A06 /* MainHistoryView.swift */; };
		334944642BF5B41500CF5A06 /* Constants.swift in Sources */ = {isa = PBXBuildFile; fileRef = 334944632BF5B41500CF5A06 /* Constants.swift */; };
		334944662BF684D000CF5A06 /* SaveUtils.swift in Sources */ = {isa = PBXBuildFile; fileRef = 334944652BF684D000CF5A06 /* SaveUtils.swift */; };
		334944682BF69F4900CF5A06 /* HistoryController.swift in Sources */ = {isa = PBXBuildFile; fileRef = 334944672BF69F4900CF5A06 /* HistoryController.swift */; };
		3349446A2BF6AA0F00CF5A06 /* NewExerciseView.swift in Sources */ = {isa = PBXBuildFile; fileRef = 334944692BF6AA0F00CF5A06 /* NewExerciseView.swift */; };
		3357F2582BD9656E0037D35C /* Utils.swift in Sources */ = {isa = PBXBuildFile; fileRef = 3357F2572BD9656E0037D35C /* Utils.swift */; };
		33831BFE2BE3CEA900C3D3A4 /* WorkoutBackendController.swift in Sources */ = {isa = PBXBuildFile; fileRef = 33831BFD2BE3CEA900C3D3A4 /* WorkoutBackendController.swift */; };
		33831C012BE3D30C00C3D3A4 /* SignInWithAppleView.swift in Sources */ = {isa = PBXBuildFile; fileRef = 33831C002BE3D30C00C3D3A4 /* SignInWithAppleView.swift */; };
		33831C052BE40F2E00C3D3A4 /* NavigationLinkButtonStyle.swift in Sources */ = {isa = PBXBuildFile; fileRef = 33831C042BE40F2E00C3D3A4 /* NavigationLinkButtonStyle.swift */; };
		33831C0B2BE453E500C3D3A4 /* SetsNotificationDelegate.swift in Sources */ = {isa = PBXBuildFile; fileRef = 33831C0A2BE453E500C3D3A4 /* SetsNotificationDelegate.swift */; };
		338AE3742BF72C26001EA193 /* FullscreenActiveWorkoutView.swift in Sources */ = {isa = PBXBuildFile; fileRef = 338AE3732BF72C26001EA193 /* FullscreenActiveWorkoutView.swift */; };
		338AE3762BF745B5001EA193 /* FullscreenSupersetView.swift in Sources */ = {isa = PBXBuildFile; fileRef = 338AE3752BF745B5001EA193 /* FullscreenSupersetView.swift */; };
		3397515B2BF26CDF006CD8C3 /* ConfirmCancelView.swift in Sources */ = {isa = PBXBuildFile; fileRef = 3397515A2BF26CDF006CD8C3 /* ConfirmCancelView.swift */; };
		3397515D2BF27920006CD8C3 /* EditExerciseSetView.swift in Sources */ = {isa = PBXBuildFile; fileRef = 3397515C2BF27920006CD8C3 /* EditExerciseSetView.swift */; };
		33975CE12BF8BD6B004CFD75 /* HistoryModels.swift in Sources */ = {isa = PBXBuildFile; fileRef = 33975CE02BF8BD6B004CFD75 /* HistoryModels.swift */; };
		339798F92BF05DFA0009D4CA /* SupersetOptionsSheetView.swift in Sources */ = {isa = PBXBuildFile; fileRef = 339798F82BF05DFA0009D4CA /* SupersetOptionsSheetView.swift */; };
		339798FC2BF11A270009D4CA /* NewWorkoutMainView.swift in Sources */ = {isa = PBXBuildFile; fileRef = 339798FB2BF11A270009D4CA /* NewWorkoutMainView.swift */; };
		33A5E28C2BD976EB009EC780 /* SettingsController.swift in Sources */ = {isa = PBXBuildFile; fileRef = 33A5E28B2BD976EB009EC780 /* SettingsController.swift */; };
		33B9C2B22BED8BF80056E45F /* SplashScreenView.swift in Sources */ = {isa = PBXBuildFile; fileRef = 33B9C2B12BED8BF80056E45F /* SplashScreenView.swift */; };
		33B9C2B42BED8C060056E45F /* WelcomeView.swift in Sources */ = {isa = PBXBuildFile; fileRef = 33B9C2B32BED8C060056E45F /* WelcomeView.swift */; };
		33B9C2B82BED92430056E45F /* EntryLayerView.swift in Sources */ = {isa = PBXBuildFile; fileRef = 33B9C2B72BED92430056E45F /* EntryLayerView.swift */; };
		33C73F322BF25AB100148110 /* SetsAssets.xcassets in Resources */ = {isa = PBXBuildFile; fileRef = 33C73F312BF25AB100148110 /* SetsAssets.xcassets */; };
		33C8C9F52C0D1723003E3A3D /* ActiveWorkoutControlsView.swift in Sources */ = {isa = PBXBuildFile; fileRef = 33C8C9F42C0D1723003E3A3D /* ActiveWorkoutControlsView.swift */; };
		33C8C9F72C0D1B08003E3A3D /* WorkoutSessionController.swift in Sources */ = {isa = PBXBuildFile; fileRef = 33C8C9F62C0D1B08003E3A3D /* WorkoutSessionController.swift */; };
		33C8C9F92C0D697D003E3A3D /* SummaryView.swift in Sources */ = {isa = PBXBuildFile; fileRef = 33C8C9F82C0D697D003E3A3D /* SummaryView.swift */; };
		33C8C9FB2C0D6A8B003E3A3D /* ActivityRingsView.swift in Sources */ = {isa = PBXBuildFile; fileRef = 33C8C9FA2C0D6A8B003E3A3D /* ActivityRingsView.swift */; };
		33C8C9FD2C0D79F1003E3A3D /* HealthKitExt.swift in Sources */ = {isa = PBXBuildFile; fileRef = 33C8C9FC2C0D79F1003E3A3D /* HealthKitExt.swift */; };
		33CB45762BDE01D8000390CB /* ExerciseHeaderView.swift in Sources */ = {isa = PBXBuildFile; fileRef = 33CB45752BDE01D8000390CB /* ExerciseHeaderView.swift */; };
/* End PBXBuildFile section */

/* Begin PBXContainerItemProxy section */
		333502ED2BD425170068076C /* PBXContainerItemProxy */ = {
			isa = PBXContainerItemProxy;
			containerPortal = 333502DF2BD425170068076C /* Project object */;
			proxyType = 1;
			remoteGlobalIDString = 333502EA2BD425170068076C;
			remoteInfo = "Sets Watch App";
		};
		333502FE2BD425180068076C /* PBXContainerItemProxy */ = {
			isa = PBXContainerItemProxy;
			containerPortal = 333502DF2BD425170068076C /* Project object */;
			proxyType = 1;
			remoteGlobalIDString = 333502EA2BD425170068076C;
			remoteInfo = "Sets Watch App";
		};
		333503082BD425180068076C /* PBXContainerItemProxy */ = {
			isa = PBXContainerItemProxy;
			containerPortal = 333502DF2BD425170068076C /* Project object */;
			proxyType = 1;
			remoteGlobalIDString = 333502EA2BD425170068076C;
			remoteInfo = "Sets Watch App";
		};
/* End PBXContainerItemProxy section */

/* Begin PBXCopyFilesBuildPhase section */
		333503142BD425180068076C /* Embed Watch Content */ = {
			isa = PBXCopyFilesBuildPhase;
			buildActionMask = 2147483647;
			dstPath = "$(CONTENTS_FOLDER_PATH)/Watch";
			dstSubfolderSpec = 16;
			files = (
				333502EC2BD425170068076C /* Sets Watch App.app in Embed Watch Content */,
			);
			name = "Embed Watch Content";
			runOnlyForDeploymentPostprocessing = 0;
		};
/* End PBXCopyFilesBuildPhase section */

/* Begin PBXFileReference section */
		330361FC2BD8B4F80014CD3C /* SupersetSettingsSheetView.swift */ = {isa = PBXFileReference; lastKnownFileType = sourcecode.swift; path = SupersetSettingsSheetView.swift; sourceTree = "<group>"; };
		330361FF2BD935B60014CD3C /* SettingsView.swift */ = {isa = PBXFileReference; lastKnownFileType = sourcecode.swift; path = SettingsView.swift; sourceTree = "<group>"; };
		330362012BD9363A0014CD3C /* WorkoutOverview.swift */ = {isa = PBXFileReference; lastKnownFileType = sourcecode.swift; path = WorkoutOverview.swift; sourceTree = "<group>"; };
		330362032BD9386B0014CD3C /* WorkoutListView.swift */ = {isa = PBXFileReference; lastKnownFileType = sourcecode.swift; path = WorkoutListView.swift; sourceTree = "<group>"; };
		330362052BD9389E0014CD3C /* CentralStorage.swift */ = {isa = PBXFileReference; lastKnownFileType = sourcecode.swift; path = CentralStorage.swift; sourceTree = "<group>"; };
		330362082BD93B070014CD3C /* PublishedExt.swift */ = {isa = PBXFileReference; lastKnownFileType = sourcecode.swift; path = PublishedExt.swift; sourceTree = "<group>"; };
		3303620A2BD93D0C0014CD3C /* CodableColor.swift */ = {isa = PBXFileReference; lastKnownFileType = sourcecode.swift; path = CodableColor.swift; sourceTree = "<group>"; };
		3303BD602C1294AF00BB68A4 /* DemoSplitView.swift */ = {isa = PBXFileReference; lastKnownFileType = sourcecode.swift; path = DemoSplitView.swift; sourceTree = "<group>"; };
		330941972BF12146002C1719 /* FitnessDatabase.swift */ = {isa = PBXFileReference; lastKnownFileType = sourcecode.swift; path = FitnessDatabase.swift; sourceTree = "<group>"; };
		330941992BF12418002C1719 /* NewExerciseListView.swift */ = {isa = PBXFileReference; lastKnownFileType = sourcecode.swift; path = NewExerciseListView.swift; sourceTree = "<group>"; };
		3309419C2BF12587002C1719 /* ExerciseListDatabaseView.swift */ = {isa = PBXFileReference; lastKnownFileType = sourcecode.swift; path = ExerciseListDatabaseView.swift; sourceTree = "<group>"; };
		3309419F2BF12B6C002C1719 /* NewWorkoutSupersetListView.swift */ = {isa = PBXFileReference; lastKnownFileType = sourcecode.swift; path = NewWorkoutSupersetListView.swift; sourceTree = "<group>"; };
		330941A12BF1368C002C1719 /* SupersetCreationView.swift */ = {isa = PBXFileReference; lastKnownFileType = sourcecode.swift; path = SupersetCreationView.swift; sourceTree = "<group>"; };
		33254A2D2BDC118B004001DE /* SingleSupersetView.swift */ = {isa = PBXFileReference; lastKnownFileType = sourcecode.swift; path = SingleSupersetView.swift; sourceTree = "<group>"; };
		332A38442BF51AA70000C4C1 /* EditSupersetRestTimerView.swift */ = {isa = PBXFileReference; lastKnownFileType = sourcecode.swift; path = EditSupersetRestTimerView.swift; sourceTree = "<group>"; };
		332A9BBD2C09BF7800AE77CF /* HistoryDetailView.swift */ = {isa = PBXFileReference; lastKnownFileType = sourcecode.swift; path = HistoryDetailView.swift; sourceTree = "<group>"; };
		332E82702BD9439D008FE9B4 /* TimerView.swift */ = {isa = PBXFileReference; lastKnownFileType = sourcecode.swift; path = TimerView.swift; sourceTree = "<group>"; };
		332E82742BD944FC008FE9B4 /* WorkoutTimer.swift */ = {isa = PBXFileReference; lastKnownFileType = sourcecode.swift; path = WorkoutTimer.swift; sourceTree = "<group>"; };
		333502E52BD425170068076C /* Sets.app */ = {isa = PBXFileReference; explicitFileType = wrapper.application; includeInIndex = 0; path = Sets.app; sourceTree = BUILT_PRODUCTS_DIR; };
		333502EB2BD425170068076C /* Sets Watch App.app */ = {isa = PBXFileReference; explicitFileType = wrapper.application; includeInIndex = 0; path = "Sets Watch App.app"; sourceTree = BUILT_PRODUCTS_DIR; };
		333502F02BD425170068076C /* SetsApp.swift */ = {isa = PBXFileReference; lastKnownFileType = sourcecode.swift; path = SetsApp.swift; sourceTree = "<group>"; };
		333502F42BD425180068076C /* Assets.xcassets */ = {isa = PBXFileReference; lastKnownFileType = folder.assetcatalog; path = Assets.xcassets; sourceTree = "<group>"; };
		333502F72BD425180068076C /* Preview Assets.xcassets */ = {isa = PBXFileReference; lastKnownFileType = folder.assetcatalog; path = "Preview Assets.xcassets"; sourceTree = "<group>"; };
		333502FD2BD425180068076C /* Sets Watch AppTests.xctest */ = {isa = PBXFileReference; explicitFileType = wrapper.cfbundle; includeInIndex = 0; path = "Sets Watch AppTests.xctest"; sourceTree = BUILT_PRODUCTS_DIR; };
		333503012BD425180068076C /* Sets_Watch_AppTests.swift */ = {isa = PBXFileReference; lastKnownFileType = sourcecode.swift; path = Sets_Watch_AppTests.swift; sourceTree = "<group>"; };
		333503072BD425180068076C /* Sets Watch AppUITests.xctest */ = {isa = PBXFileReference; explicitFileType = wrapper.cfbundle; includeInIndex = 0; path = "Sets Watch AppUITests.xctest"; sourceTree = BUILT_PRODUCTS_DIR; };
		3335030B2BD425180068076C /* Sets_Watch_AppUITests.swift */ = {isa = PBXFileReference; lastKnownFileType = sourcecode.swift; path = Sets_Watch_AppUITests.swift; sourceTree = "<group>"; };
		3335030D2BD425180068076C /* Sets_Watch_AppUITestsLaunchTests.swift */ = {isa = PBXFileReference; lastKnownFileType = sourcecode.swift; path = Sets_Watch_AppUITestsLaunchTests.swift; sourceTree = "<group>"; };
		333503212BD426400068076C /* SetModel.swift */ = {isa = PBXFileReference; lastKnownFileType = sourcecode.swift; path = SetModel.swift; sourceTree = "<group>"; };
		333503242BD4270D0068076C /* HelperModels.swift */ = {isa = PBXFileReference; lastKnownFileType = sourcecode.swift; path = HelperModels.swift; sourceTree = "<group>"; };
		333503262BD427770068076C /* ExerciseModel.swift */ = {isa = PBXFileReference; lastKnownFileType = sourcecode.swift; path = ExerciseModel.swift; sourceTree = "<group>"; };
		333503292BD428F10068076C /* WorkoutModel.swift */ = {isa = PBXFileReference; lastKnownFileType = sourcecode.swift; path = WorkoutModel.swift; sourceTree = "<group>"; };
		3335032B2BD42A240068076C /* SupersetModel.swift */ = {isa = PBXFileReference; lastKnownFileType = sourcecode.swift; path = SupersetModel.swift; sourceTree = "<group>"; };
		3335032E2BD42D090068076C /* ExampleData.swift */ = {isa = PBXFileReference; lastKnownFileType = sourcecode.swift; path = ExampleData.swift; sourceTree = "<group>"; };
		333503322BD4326A0068076C /* ExerciseSetView.swift */ = {isa = PBXFileReference; lastKnownFileType = sourcecode.swift; path = ExerciseSetView.swift; sourceTree = "<group>"; };
		333503342BD434C20068076C /* ExerciseSetCheckButtonView.swift */ = {isa = PBXFileReference; lastKnownFileType = sourcecode.swift; path = ExerciseSetCheckButtonView.swift; sourceTree = "<group>"; };
		333503362BD441310068076C /* ExerciseView.swift */ = {isa = PBXFileReference; lastKnownFileType = sourcecode.swift; path = ExerciseView.swift; sourceTree = "<group>"; };
		3335033A2BD456C90068076C /* WorkoutView.swift */ = {isa = PBXFileReference; lastKnownFileType = sourcecode.swift; path = WorkoutView.swift; sourceTree = "<group>"; };
		3335033E2BD583B40068076C /* SupersetView.swift */ = {isa = PBXFileReference; lastKnownFileType = sourcecode.swift; path = SupersetView.swift; sourceTree = "<group>"; };
		3335BE3E2C100BBC008A43B1 /* ElapsedTimeView.swift */ = {isa = PBXFileReference; lastKnownFileType = sourcecode.swift; path = ElapsedTimeView.swift; sourceTree = "<group>"; };
		333CB46F2BF2C2FF000ABA0F /* EditExerciseView.swift */ = {isa = PBXFileReference; lastKnownFileType = sourcecode.swift; path = EditExerciseView.swift; sourceTree = "<group>"; };
		334944612BF5B2E000CF5A06 /* MainHistoryView.swift */ = {isa = PBXFileReference; lastKnownFileType = sourcecode.swift; path = MainHistoryView.swift; sourceTree = "<group>"; };
		334944632BF5B41500CF5A06 /* Constants.swift */ = {isa = PBXFileReference; lastKnownFileType = sourcecode.swift; path = Constants.swift; sourceTree = "<group>"; };
		334944652BF684D000CF5A06 /* SaveUtils.swift */ = {isa = PBXFileReference; lastKnownFileType = sourcecode.swift; path = SaveUtils.swift; sourceTree = "<group>"; };
		334944672BF69F4900CF5A06 /* HistoryController.swift */ = {isa = PBXFileReference; lastKnownFileType = sourcecode.swift; path = HistoryController.swift; sourceTree = "<group>"; };
		334944692BF6AA0F00CF5A06 /* NewExerciseView.swift */ = {isa = PBXFileReference; lastKnownFileType = sourcecode.swift; path = NewExerciseView.swift; sourceTree = "<group>"; };
		3357F2572BD9656E0037D35C /* Utils.swift */ = {isa = PBXFileReference; lastKnownFileType = sourcecode.swift; path = Utils.swift; sourceTree = "<group>"; };
		33831BFD2BE3CEA900C3D3A4 /* WorkoutBackendController.swift */ = {isa = PBXFileReference; lastKnownFileType = sourcecode.swift; path = WorkoutBackendController.swift; sourceTree = "<group>"; };
		33831C002BE3D30C00C3D3A4 /* SignInWithAppleView.swift */ = {isa = PBXFileReference; lastKnownFileType = sourcecode.swift; path = SignInWithAppleView.swift; sourceTree = "<group>"; };
		33831C022BE3D70400C3D3A4 /* Sets Watch App.entitlements */ = {isa = PBXFileReference; lastKnownFileType = text.plist.entitlements; path = "Sets Watch App.entitlements"; sourceTree = "<group>"; };
		33831C042BE40F2E00C3D3A4 /* NavigationLinkButtonStyle.swift */ = {isa = PBXFileReference; lastKnownFileType = sourcecode.swift; path = NavigationLinkButtonStyle.swift; sourceTree = "<group>"; };
		33831C0A2BE453E500C3D3A4 /* SetsNotificationDelegate.swift */ = {isa = PBXFileReference; lastKnownFileType = sourcecode.swift; path = SetsNotificationDelegate.swift; sourceTree = "<group>"; };
		338AE3732BF72C26001EA193 /* FullscreenActiveWorkoutView.swift */ = {isa = PBXFileReference; lastKnownFileType = sourcecode.swift; path = FullscreenActiveWorkoutView.swift; sourceTree = "<group>"; };
		338AE3752BF745B5001EA193 /* FullscreenSupersetView.swift */ = {isa = PBXFileReference; lastKnownFileType = sourcecode.swift; path = FullscreenSupersetView.swift; sourceTree = "<group>"; };
		3397515A2BF26CDF006CD8C3 /* ConfirmCancelView.swift */ = {isa = PBXFileReference; lastKnownFileType = sourcecode.swift; path = ConfirmCancelView.swift; sourceTree = "<group>"; };
		3397515C2BF27920006CD8C3 /* EditExerciseSetView.swift */ = {isa = PBXFileReference; lastKnownFileType = sourcecode.swift; path = EditExerciseSetView.swift; sourceTree = "<group>"; };
		33975CE02BF8BD6B004CFD75 /* HistoryModels.swift */ = {isa = PBXFileReference; lastKnownFileType = sourcecode.swift; path = HistoryModels.swift; sourceTree = "<group>"; };
		339798F82BF05DFA0009D4CA /* SupersetOptionsSheetView.swift */ = {isa = PBXFileReference; lastKnownFileType = sourcecode.swift; path = SupersetOptionsSheetView.swift; sourceTree = "<group>"; };
		339798FB2BF11A270009D4CA /* NewWorkoutMainView.swift */ = {isa = PBXFileReference; lastKnownFileType = sourcecode.swift; path = NewWorkoutMainView.swift; sourceTree = "<group>"; };
		33A5E28B2BD976EB009EC780 /* SettingsController.swift */ = {isa = PBXFileReference; lastKnownFileType = sourcecode.swift; path = SettingsController.swift; sourceTree = "<group>"; };
		33A5E2962BDAB33D009EC780 /* Sets-Watch-App-Info.plist */ = {isa = PBXFileReference; lastKnownFileType = text.plist; path = "Sets-Watch-App-Info.plist"; sourceTree = SOURCE_ROOT; };
		33B9C2B12BED8BF80056E45F /* SplashScreenView.swift */ = {isa = PBXFileReference; lastKnownFileType = sourcecode.swift; path = SplashScreenView.swift; sourceTree = "<group>"; };
		33B9C2B32BED8C060056E45F /* WelcomeView.swift */ = {isa = PBXFileReference; lastKnownFileType = sourcecode.swift; path = WelcomeView.swift; sourceTree = "<group>"; };
		33B9C2B72BED92430056E45F /* EntryLayerView.swift */ = {isa = PBXFileReference; lastKnownFileType = sourcecode.swift; path = EntryLayerView.swift; sourceTree = "<group>"; };
		33C73F312BF25AB100148110 /* SetsAssets.xcassets */ = {isa = PBXFileReference; lastKnownFileType = folder.assetcatalog; path = SetsAssets.xcassets; sourceTree = "<group>"; };
		33C8C9F42C0D1723003E3A3D /* ActiveWorkoutControlsView.swift */ = {isa = PBXFileReference; lastKnownFileType = sourcecode.swift; path = ActiveWorkoutControlsView.swift; sourceTree = "<group>"; };
		33C8C9F62C0D1B08003E3A3D /* WorkoutSessionController.swift */ = {isa = PBXFileReference; lastKnownFileType = sourcecode.swift; path = WorkoutSessionController.swift; sourceTree = "<group>"; };
		33C8C9F82C0D697D003E3A3D /* SummaryView.swift */ = {isa = PBXFileReference; lastKnownFileType = sourcecode.swift; path = SummaryView.swift; sourceTree = "<group>"; };
		33C8C9FA2C0D6A8B003E3A3D /* ActivityRingsView.swift */ = {isa = PBXFileReference; lastKnownFileType = sourcecode.swift; path = ActivityRingsView.swift; sourceTree = "<group>"; };
		33C8C9FC2C0D79F1003E3A3D /* HealthKitExt.swift */ = {isa = PBXFileReference; lastKnownFileType = sourcecode.swift; path = HealthKitExt.swift; sourceTree = "<group>"; };
		33CB45752BDE01D8000390CB /* ExerciseHeaderView.swift */ = {isa = PBXFileReference; lastKnownFileType = sourcecode.swift; path = ExerciseHeaderView.swift; sourceTree = "<group>"; };
/* End PBXFileReference section */

/* Begin PBXFrameworksBuildPhase section */
		333502E82BD425170068076C /* Frameworks */ = {
			isa = PBXFrameworksBuildPhase;
			buildActionMask = 2147483647;
			files = (
			);
			runOnlyForDeploymentPostprocessing = 0;
		};
		333502FA2BD425180068076C /* Frameworks */ = {
			isa = PBXFrameworksBuildPhase;
			buildActionMask = 2147483647;
			files = (
			);
			runOnlyForDeploymentPostprocessing = 0;
		};
		333503042BD425180068076C /* Frameworks */ = {
			isa = PBXFrameworksBuildPhase;
			buildActionMask = 2147483647;
			files = (
			);
			runOnlyForDeploymentPostprocessing = 0;
		};
/* End PBXFrameworksBuildPhase section */

/* Begin PBXGroup section */
		330361F72BD893E50014CD3C /* ActiveWorkout */ = {
			isa = PBXGroup;
			children = (
				339798F82BF05DFA0009D4CA /* SupersetOptionsSheetView.swift */,
				338AE3732BF72C26001EA193 /* FullscreenActiveWorkoutView.swift */,
				338AE3752BF745B5001EA193 /* FullscreenSupersetView.swift */,
				33C8C9F42C0D1723003E3A3D /* ActiveWorkoutControlsView.swift */,
				33C8C9F82C0D697D003E3A3D /* SummaryView.swift */,
			);
			path = ActiveWorkout;
			sourceTree = "<group>";
		};
		330361FE2BD935AB0014CD3C /* Settings */ = {
			isa = PBXGroup;
			children = (
				330361FF2BD935B60014CD3C /* SettingsView.swift */,
			);
			path = Settings;
			sourceTree = "<group>";
		};
		330362072BD93AF50014CD3C /* Exts */ = {
			isa = PBXGroup;
			children = (
				330362082BD93B070014CD3C /* PublishedExt.swift */,
				3303620A2BD93D0C0014CD3C /* CodableColor.swift */,
				33C8C9FC2C0D79F1003E3A3D /* HealthKitExt.swift */,
			);
			path = Exts;
			sourceTree = "<group>";
		};
		3309419B2BF12577002C1719 /* FitnessDatabase */ = {
			isa = PBXGroup;
			children = (
				3309419C2BF12587002C1719 /* ExerciseListDatabaseView.swift */,
			);
			path = FitnessDatabase;
			sourceTree = "<group>";
		};
		3309419E2BF12B4D002C1719 /* SuperSetCreation */ = {
			isa = PBXGroup;
			children = (
				3309419F2BF12B6C002C1719 /* NewWorkoutSupersetListView.swift */,
				330941A12BF1368C002C1719 /* SupersetCreationView.swift */,
				332A38442BF51AA70000C4C1 /* EditSupersetRestTimerView.swift */,
			);
			path = SuperSetCreation;
			sourceTree = "<group>";
		};
		333502DE2BD425170068076C = {
			isa = PBXGroup;
			children = (
				333502EF2BD425170068076C /* Sets Watch App */,
				333503002BD425180068076C /* Sets Watch AppTests */,
				3335030A2BD425180068076C /* Sets Watch AppUITests */,
				333502E62BD425170068076C /* Products */,
			);
			sourceTree = "<group>";
		};
		333502E62BD425170068076C /* Products */ = {
			isa = PBXGroup;
			children = (
				333502E52BD425170068076C /* Sets.app */,
				333502EB2BD425170068076C /* Sets Watch App.app */,
				333502FD2BD425180068076C /* Sets Watch AppTests.xctest */,
				333503072BD425180068076C /* Sets Watch AppUITests.xctest */,
			);
			name = Products;
			sourceTree = "<group>";
		};
		333502EF2BD425170068076C /* Sets Watch App */ = {
			isa = PBXGroup;
			children = (
				33831C022BE3D70400C3D3A4 /* Sets Watch App.entitlements */,
				33A5E2962BDAB33D009EC780 /* Sets-Watch-App-Info.plist */,
				333502F02BD425170068076C /* SetsApp.swift */,
				333503282BD428AD0068076C /* Controllers */,
				333503202BD426040068076C /* Models */,
				3335031E2BD4258E0068076C /* Views */,
				330362072BD93AF50014CD3C /* Exts */,
				3335032D2BD42CF50068076C /* Misc */,
				333502F42BD425180068076C /* Assets.xcassets */,
				333502F62BD425180068076C /* Preview Content */,
				33C73F312BF25AB100148110 /* SetsAssets.xcassets */,
			);
			path = "Sets Watch App";
			sourceTree = "<group>";
		};
		333502F62BD425180068076C /* Preview Content */ = {
			isa = PBXGroup;
			children = (
				333502F72BD425180068076C /* Preview Assets.xcassets */,
			);
			path = "Preview Content";
			sourceTree = "<group>";
		};
		333503002BD425180068076C /* Sets Watch AppTests */ = {
			isa = PBXGroup;
			children = (
				333503012BD425180068076C /* Sets_Watch_AppTests.swift */,
			);
			path = "Sets Watch AppTests";
			sourceTree = "<group>";
		};
		3335030A2BD425180068076C /* Sets Watch AppUITests */ = {
			isa = PBXGroup;
			children = (
				3335030B2BD425180068076C /* Sets_Watch_AppUITests.swift */,
				3335030D2BD425180068076C /* Sets_Watch_AppUITestsLaunchTests.swift */,
			);
			path = "Sets Watch AppUITests";
			sourceTree = "<group>";
		};
		3335031E2BD4258E0068076C /* Views */ = {
			isa = PBXGroup;
			children = (
				33B9C2B72BED92430056E45F /* EntryLayerView.swift */,
				330362032BD9386B0014CD3C /* WorkoutListView.swift */,
				3335033A2BD456C90068076C /* WorkoutView.swift */,
				33B9C2B02BED8BDF0056E45F /* Introduction */,
				33831C032BE40F1900C3D3A4 /* Styles */,
				330361FE2BD935AB0014CD3C /* Settings */,
				333503382BD456AD0068076C /* Exercises */,
				334944602BF5B2D200CF5A06 /* History */,
				330361F72BD893E50014CD3C /* ActiveWorkout */,
				333503392BD456BC0068076C /* Workouts */,
				33831BFF2BE3D2E000C3D3A4 /* Auth */,
				339751592BF26CD0006CD8C3 /* UtilityViews */,
			);
			path = Views;
			sourceTree = "<group>";
		};
		333503202BD426040068076C /* Models */ = {
			isa = PBXGroup;
			children = (
				332E82742BD944FC008FE9B4 /* WorkoutTimer.swift */,
				333503212BD426400068076C /* SetModel.swift */,
				333503242BD4270D0068076C /* HelperModels.swift */,
				333503262BD427770068076C /* ExerciseModel.swift */,
				333503292BD428F10068076C /* WorkoutModel.swift */,
				3335032B2BD42A240068076C /* SupersetModel.swift */,
				33975CE02BF8BD6B004CFD75 /* HistoryModels.swift */,
			);
			path = Models;
			sourceTree = "<group>";
		};
		333503282BD428AD0068076C /* Controllers */ = {
			isa = PBXGroup;
			children = (
				330362052BD9389E0014CD3C /* CentralStorage.swift */,
				33A5E28B2BD976EB009EC780 /* SettingsController.swift */,
				33831BFD2BE3CEA900C3D3A4 /* WorkoutBackendController.swift */,
				330941972BF12146002C1719 /* FitnessDatabase.swift */,
				334944672BF69F4900CF5A06 /* HistoryController.swift */,
				33C8C9F62C0D1B08003E3A3D /* WorkoutSessionController.swift */,
			);
			path = Controllers;
			sourceTree = "<group>";
		};
		3335032D2BD42CF50068076C /* Misc */ = {
			isa = PBXGroup;
			children = (
				3335032E2BD42D090068076C /* ExampleData.swift */,
				3357F2572BD9656E0037D35C /* Utils.swift */,
				33831C0A2BE453E500C3D3A4 /* SetsNotificationDelegate.swift */,
				334944632BF5B41500CF5A06 /* Constants.swift */,
				334944652BF684D000CF5A06 /* SaveUtils.swift */,
				3303BD602C1294AF00BB68A4 /* DemoSplitView.swift */,
			);
			path = Misc;
			sourceTree = "<group>";
		};
		333503382BD456AD0068076C /* Exercises */ = {
			isa = PBXGroup;
			children = (
				333503322BD4326A0068076C /* ExerciseSetView.swift */,
				333503342BD434C20068076C /* ExerciseSetCheckButtonView.swift */,
				333503362BD441310068076C /* ExerciseView.swift */,
				33CB45752BDE01D8000390CB /* ExerciseHeaderView.swift */,
				3397515C2BF27920006CD8C3 /* EditExerciseSetView.swift */,
				333CB46F2BF2C2FF000ABA0F /* EditExerciseView.swift */,
				334944692BF6AA0F00CF5A06 /* NewExerciseView.swift */,
			);
			path = Exercises;
			sourceTree = "<group>";
		};
		333503392BD456BC0068076C /* Workouts */ = {
			isa = PBXGroup;
			children = (
				339798FA2BF11A150009D4CA /* NewWorkouts */,
				33254A2D2BDC118B004001DE /* SingleSupersetView.swift */,
				330361FC2BD8B4F80014CD3C /* SupersetSettingsSheetView.swift */,
				332E82702BD9439D008FE9B4 /* TimerView.swift */,
				3335033E2BD583B40068076C /* SupersetView.swift */,
				330362012BD9363A0014CD3C /* WorkoutOverview.swift */,
			);
			path = Workouts;
			sourceTree = "<group>";
		};
		334944602BF5B2D200CF5A06 /* History */ = {
			isa = PBXGroup;
			children = (
				334944612BF5B2E000CF5A06 /* MainHistoryView.swift */,
				332A9BBD2C09BF7800AE77CF /* HistoryDetailView.swift */,
			);
			path = History;
			sourceTree = "<group>";
		};
		33831BFF2BE3D2E000C3D3A4 /* Auth */ = {
			isa = PBXGroup;
			children = (
				33831C002BE3D30C00C3D3A4 /* SignInWithAppleView.swift */,
			);
			path = Auth;
			sourceTree = "<group>";
		};
		33831C032BE40F1900C3D3A4 /* Styles */ = {
			isa = PBXGroup;
			children = (
				33831C042BE40F2E00C3D3A4 /* NavigationLinkButtonStyle.swift */,
			);
			path = Styles;
			sourceTree = "<group>";
		};
		339751592BF26CD0006CD8C3 /* UtilityViews */ = {
			isa = PBXGroup;
			children = (
				3397515A2BF26CDF006CD8C3 /* ConfirmCancelView.swift */,
				33C8C9FA2C0D6A8B003E3A3D /* ActivityRingsView.swift */,
				3335BE3E2C100BBC008A43B1 /* ElapsedTimeView.swift */,
			);
			path = UtilityViews;
			sourceTree = "<group>";
		};
		339798FA2BF11A150009D4CA /* NewWorkouts */ = {
			isa = PBXGroup;
			children = (
				3309419E2BF12B4D002C1719 /* SuperSetCreation */,
				3309419B2BF12577002C1719 /* FitnessDatabase */,
				339798FB2BF11A270009D4CA /* NewWorkoutMainView.swift */,
				330941992BF12418002C1719 /* NewExerciseListView.swift */,
			);
			path = NewWorkouts;
			sourceTree = "<group>";
		};
		33B9C2B02BED8BDF0056E45F /* Introduction */ = {
			isa = PBXGroup;
			children = (
				33B9C2B12BED8BF80056E45F /* SplashScreenView.swift */,
				33B9C2B32BED8C060056E45F /* WelcomeView.swift */,
			);
			path = Introduction;
			sourceTree = "<group>";
		};
/* End PBXGroup section */

/* Begin PBXNativeTarget section */
		333502E42BD425170068076C /* Sets */ = {
			isa = PBXNativeTarget;
			buildConfigurationList = 333503152BD425180068076C /* Build configuration list for PBXNativeTarget "Sets" */;
			buildPhases = (
				333502E32BD425170068076C /* Resources */,
				333503142BD425180068076C /* Embed Watch Content */,
			);
			buildRules = (
			);
			dependencies = (
				333502EE2BD425170068076C /* PBXTargetDependency */,
			);
			name = Sets;
			productName = Sets;
			productReference = 333502E52BD425170068076C /* Sets.app */;
			productType = "com.apple.product-type.application.watchapp2-container";
		};
		333502EA2BD425170068076C /* Sets Watch App */ = {
			isa = PBXNativeTarget;
			buildConfigurationList = 333503112BD425180068076C /* Build configuration list for PBXNativeTarget "Sets Watch App" */;
			buildPhases = (
				333502E72BD425170068076C /* Sources */,
				333502E82BD425170068076C /* Frameworks */,
				333502E92BD425170068076C /* Resources */,
			);
			buildRules = (
			);
			dependencies = (
			);
			name = "Sets Watch App";
			productName = "Sets Watch App";
			productReference = 333502EB2BD425170068076C /* Sets Watch App.app */;
			productType = "com.apple.product-type.application";
		};
		333502FC2BD425180068076C /* Sets Watch AppTests */ = {
			isa = PBXNativeTarget;
			buildConfigurationList = 333503182BD425180068076C /* Build configuration list for PBXNativeTarget "Sets Watch AppTests" */;
			buildPhases = (
				333502F92BD425180068076C /* Sources */,
				333502FA2BD425180068076C /* Frameworks */,
				333502FB2BD425180068076C /* Resources */,
			);
			buildRules = (
			);
			dependencies = (
				333502FF2BD425180068076C /* PBXTargetDependency */,
			);
			name = "Sets Watch AppTests";
			productName = "Sets Watch AppTests";
			productReference = 333502FD2BD425180068076C /* Sets Watch AppTests.xctest */;
			productType = "com.apple.product-type.bundle.unit-test";
		};
		333503062BD425180068076C /* Sets Watch AppUITests */ = {
			isa = PBXNativeTarget;
			buildConfigurationList = 3335031B2BD425180068076C /* Build configuration list for PBXNativeTarget "Sets Watch AppUITests" */;
			buildPhases = (
				333503032BD425180068076C /* Sources */,
				333503042BD425180068076C /* Frameworks */,
				333503052BD425180068076C /* Resources */,
			);
			buildRules = (
			);
			dependencies = (
				333503092BD425180068076C /* PBXTargetDependency */,
			);
			name = "Sets Watch AppUITests";
			productName = "Sets Watch AppUITests";
			productReference = 333503072BD425180068076C /* Sets Watch AppUITests.xctest */;
			productType = "com.apple.product-type.bundle.ui-testing";
		};
/* End PBXNativeTarget section */

/* Begin PBXProject section */
		333502DF2BD425170068076C /* Project object */ = {
			isa = PBXProject;
			attributes = {
				BuildIndependentTargetsInParallel = 1;
				LastSwiftUpdateCheck = 1530;
				LastUpgradeCheck = 1540;
				TargetAttributes = {
					333502E42BD425170068076C = {
						CreatedOnToolsVersion = 15.3;
					};
					333502EA2BD425170068076C = {
						CreatedOnToolsVersion = 15.3;
					};
					333502FC2BD425180068076C = {
						CreatedOnToolsVersion = 15.3;
						TestTargetID = 333502EA2BD425170068076C;
					};
					333503062BD425180068076C = {
						CreatedOnToolsVersion = 15.3;
						TestTargetID = 333502EA2BD425170068076C;
					};
				};
			};
			buildConfigurationList = 333502E22BD425170068076C /* Build configuration list for PBXProject "Sets" */;
			compatibilityVersion = "Xcode 14.0";
			developmentRegion = en;
			hasScannedForEncodings = 0;
			knownRegions = (
				en,
				Base,
			);
			mainGroup = 333502DE2BD425170068076C;
			productRefGroup = 333502E62BD425170068076C /* Products */;
			projectDirPath = "";
			projectRoot = "";
			targets = (
				333502E42BD425170068076C /* Sets */,
				333502EA2BD425170068076C /* Sets Watch App */,
				333502FC2BD425180068076C /* Sets Watch AppTests */,
				333503062BD425180068076C /* Sets Watch AppUITests */,
			);
		};
/* End PBXProject section */

/* Begin PBXResourcesBuildPhase section */
		333502E32BD425170068076C /* Resources */ = {
			isa = PBXResourcesBuildPhase;
			buildActionMask = 2147483647;
			files = (
			);
			runOnlyForDeploymentPostprocessing = 0;
		};
		333502E92BD425170068076C /* Resources */ = {
			isa = PBXResourcesBuildPhase;
			buildActionMask = 2147483647;
			files = (
				333502F82BD425180068076C /* Preview Assets.xcassets in Resources */,
				333502F52BD425180068076C /* Assets.xcassets in Resources */,
				33C73F322BF25AB100148110 /* SetsAssets.xcassets in Resources */,
			);
			runOnlyForDeploymentPostprocessing = 0;
		};
		333502FB2BD425180068076C /* Resources */ = {
			isa = PBXResourcesBuildPhase;
			buildActionMask = 2147483647;
			files = (
			);
			runOnlyForDeploymentPostprocessing = 0;
		};
		333503052BD425180068076C /* Resources */ = {
			isa = PBXResourcesBuildPhase;
			buildActionMask = 2147483647;
			files = (
			);
			runOnlyForDeploymentPostprocessing = 0;
		};
/* End PBXResourcesBuildPhase section */

/* Begin PBXSourcesBuildPhase section */
		333502E72BD425170068076C /* Sources */ = {
			isa = PBXSourcesBuildPhase;
			buildActionMask = 2147483647;
			files = (
				330362062BD9389E0014CD3C /* CentralStorage.swift in Sources */,
				33CB45762BDE01D8000390CB /* ExerciseHeaderView.swift in Sources */,
				330362022BD9363A0014CD3C /* WorkoutOverview.swift in Sources */,
				3303BD612C1294AF00BB68A4 /* DemoSplitView.swift in Sources */,
				33831BFE2BE3CEA900C3D3A4 /* WorkoutBackendController.swift in Sources */,
				330362092BD93B070014CD3C /* PublishedExt.swift in Sources */,
				3397515D2BF27920006CD8C3 /* EditExerciseSetView.swift in Sources */,
				33975CE12BF8BD6B004CFD75 /* HistoryModels.swift in Sources */,
				3309419D2BF12587002C1719 /* ExerciseListDatabaseView.swift in Sources */,
				33B9C2B42BED8C060056E45F /* WelcomeView.swift in Sources */,
				3335032A2BD428F10068076C /* WorkoutModel.swift in Sources */,
				33831C052BE40F2E00C3D3A4 /* NavigationLinkButtonStyle.swift in Sources */,
				3335032F2BD42D090068076C /* ExampleData.swift in Sources */,
				3357F2582BD9656E0037D35C /* Utils.swift in Sources */,
				330941982BF12146002C1719 /* FitnessDatabase.swift in Sources */,
				33C8C9F52C0D1723003E3A3D /* ActiveWorkoutControlsView.swift in Sources */,
				333503252BD4270D0068076C /* HelperModels.swift in Sources */,
				330941A02BF12B6C002C1719 /* NewWorkoutSupersetListView.swift in Sources */,
				339798F92BF05DFA0009D4CA /* SupersetOptionsSheetView.swift in Sources */,
				332E82712BD9439D008FE9B4 /* TimerView.swift in Sources */,
				338AE3762BF745B5001EA193 /* FullscreenSupersetView.swift in Sources */,
				333503352BD434C20068076C /* ExerciseSetCheckButtonView.swift in Sources */,
				33831C012BE3D30C00C3D3A4 /* SignInWithAppleView.swift in Sources */,
				334944682BF69F4900CF5A06 /* HistoryController.swift in Sources */,
				333503222BD426400068076C /* SetModel.swift in Sources */,
				3335033F2BD583B40068076C /* SupersetView.swift in Sources */,
				333502F12BD425170068076C /* SetsApp.swift in Sources */,
				334944642BF5B41500CF5A06 /* Constants.swift in Sources */,
				334944622BF5B2E000CF5A06 /* MainHistoryView.swift in Sources */,
				333503372BD441310068076C /* ExerciseView.swift in Sources */,
				33A5E28C2BD976EB009EC780 /* SettingsController.swift in Sources */,
				332A38452BF51AA70000C4C1 /* EditSupersetRestTimerView.swift in Sources */,
				330941A22BF1368C002C1719 /* SupersetCreationView.swift in Sources */,
				33C8C9F92C0D697D003E3A3D /* SummaryView.swift in Sources */,
				330362002BD935B60014CD3C /* SettingsView.swift in Sources */,
				330361FD2BD8B4F80014CD3C /* SupersetSettingsSheetView.swift in Sources */,
				334944662BF684D000CF5A06 /* SaveUtils.swift in Sources */,
				332A9BBE2C09BF7800AE77CF /* HistoryDetailView.swift in Sources */,
				33C8C9FB2C0D6A8B003E3A3D /* ActivityRingsView.swift in Sources */,
				3397515B2BF26CDF006CD8C3 /* ConfirmCancelView.swift in Sources */,
				3309419A2BF12418002C1719 /* NewExerciseListView.swift in Sources */,
				333503332BD4326A0068076C /* ExerciseSetView.swift in Sources */,
				330362042BD9386B0014CD3C /* WorkoutListView.swift in Sources */,
				33C8C9F72C0D1B08003E3A3D /* WorkoutSessionController.swift in Sources */,
				338AE3742BF72C26001EA193 /* FullscreenActiveWorkoutView.swift in Sources */,
				3303620B2BD93D0C0014CD3C /* CodableColor.swift in Sources */,
				339798FC2BF11A270009D4CA /* NewWorkoutMainView.swift in Sources */,
				3335032C2BD42A240068076C /* SupersetModel.swift in Sources */,
				333CB4702BF2C2FF000ABA0F /* EditExerciseView.swift in Sources */,
				33B9C2B22BED8BF80056E45F /* SplashScreenView.swift in Sources */,
				3349446A2BF6AA0F00CF5A06 /* NewExerciseView.swift in Sources */,
				33831C0B2BE453E500C3D3A4 /* SetsNotificationDelegate.swift in Sources */,
				33254A2E2BDC118B004001DE /* SingleSupersetView.swift in Sources */,
				3335033B2BD456C90068076C /* WorkoutView.swift in Sources */,
				33B9C2B82BED92430056E45F /* EntryLayerView.swift in Sources */,
				3335BE3F2C100BBC008A43B1 /* ElapsedTimeView.swift in Sources */,
				333503272BD427770068076C /* ExerciseModel.swift in Sources */,
				332E82752BD944FC008FE9B4 /* WorkoutTimer.swift in Sources */,
				33C8C9FD2C0D79F1003E3A3D /* HealthKitExt.swift in Sources */,
			);
			runOnlyForDeploymentPostprocessing = 0;
		};
		333502F92BD425180068076C /* Sources */ = {
			isa = PBXSourcesBuildPhase;
			buildActionMask = 2147483647;
			files = (
				333503022BD425180068076C /* Sets_Watch_AppTests.swift in Sources */,
			);
			runOnlyForDeploymentPostprocessing = 0;
		};
		333503032BD425180068076C /* Sources */ = {
			isa = PBXSourcesBuildPhase;
			buildActionMask = 2147483647;
			files = (
				3335030C2BD425180068076C /* Sets_Watch_AppUITests.swift in Sources */,
				3335030E2BD425180068076C /* Sets_Watch_AppUITestsLaunchTests.swift in Sources */,
			);
			runOnlyForDeploymentPostprocessing = 0;
		};
/* End PBXSourcesBuildPhase section */

/* Begin PBXTargetDependency section */
		333502EE2BD425170068076C /* PBXTargetDependency */ = {
			isa = PBXTargetDependency;
			target = 333502EA2BD425170068076C /* Sets Watch App */;
			targetProxy = 333502ED2BD425170068076C /* PBXContainerItemProxy */;
		};
		333502FF2BD425180068076C /* PBXTargetDependency */ = {
			isa = PBXTargetDependency;
			target = 333502EA2BD425170068076C /* Sets Watch App */;
			targetProxy = 333502FE2BD425180068076C /* PBXContainerItemProxy */;
		};
		333503092BD425180068076C /* PBXTargetDependency */ = {
			isa = PBXTargetDependency;
			target = 333502EA2BD425170068076C /* Sets Watch App */;
			targetProxy = 333503082BD425180068076C /* PBXContainerItemProxy */;
		};
/* End PBXTargetDependency section */

/* Begin XCBuildConfiguration section */
		3335030F2BD425180068076C /* Debug */ = {
			isa = XCBuildConfiguration;
			buildSettings = {
				ALWAYS_SEARCH_USER_PATHS = NO;
				ASSETCATALOG_COMPILER_GENERATE_SWIFT_ASSET_SYMBOL_EXTENSIONS = YES;
				CLANG_ANALYZER_NONNULL = YES;
				CLANG_ANALYZER_NUMBER_OBJECT_CONVERSION = YES_AGGRESSIVE;
				CLANG_CXX_LANGUAGE_STANDARD = "gnu++20";
				CLANG_ENABLE_MODULES = YES;
				CLANG_ENABLE_OBJC_ARC = YES;
				CLANG_ENABLE_OBJC_WEAK = YES;
				CLANG_WARN_BLOCK_CAPTURE_AUTORELEASING = YES;
				CLANG_WARN_BOOL_CONVERSION = YES;
				CLANG_WARN_COMMA = YES;
				CLANG_WARN_CONSTANT_CONVERSION = YES;
				CLANG_WARN_DEPRECATED_OBJC_IMPLEMENTATIONS = YES;
				CLANG_WARN_DIRECT_OBJC_ISA_USAGE = YES_ERROR;
				CLANG_WARN_DOCUMENTATION_COMMENTS = YES;
				CLANG_WARN_EMPTY_BODY = YES;
				CLANG_WARN_ENUM_CONVERSION = YES;
				CLANG_WARN_INFINITE_RECURSION = YES;
				CLANG_WARN_INT_CONVERSION = YES;
				CLANG_WARN_NON_LITERAL_NULL_CONVERSION = YES;
				CLANG_WARN_OBJC_IMPLICIT_RETAIN_SELF = YES;
				CLANG_WARN_OBJC_LITERAL_CONVERSION = YES;
				CLANG_WARN_OBJC_ROOT_CLASS = YES_ERROR;
				CLANG_WARN_QUOTED_INCLUDE_IN_FRAMEWORK_HEADER = YES;
				CLANG_WARN_RANGE_LOOP_ANALYSIS = YES;
				CLANG_WARN_STRICT_PROTOTYPES = YES;
				CLANG_WARN_SUSPICIOUS_MOVE = YES;
				CLANG_WARN_UNGUARDED_AVAILABILITY = YES_AGGRESSIVE;
				CLANG_WARN_UNREACHABLE_CODE = YES;
				CLANG_WARN__DUPLICATE_METHOD_MATCH = YES;
				COPY_PHASE_STRIP = NO;
				CURRENT_PROJECT_VERSION = 1.3;
				DEAD_CODE_STRIPPING = YES;
				DEBUG_INFORMATION_FORMAT = dwarf;
				ENABLE_STRICT_OBJC_MSGSEND = YES;
				ENABLE_TESTABILITY = YES;
				ENABLE_USER_SCRIPT_SANDBOXING = YES;
				GCC_C_LANGUAGE_STANDARD = gnu17;
				GCC_DYNAMIC_NO_PIC = NO;
				GCC_NO_COMMON_BLOCKS = YES;
				GCC_OPTIMIZATION_LEVEL = 0;
				GCC_PREPROCESSOR_DEFINITIONS = (
					"DEBUG=1",
					"$(inherited)",
				);
				GCC_WARN_64_TO_32_BIT_CONVERSION = YES;
				GCC_WARN_ABOUT_RETURN_TYPE = YES_ERROR;
				GCC_WARN_UNDECLARED_SELECTOR = YES;
				GCC_WARN_UNINITIALIZED_AUTOS = YES_AGGRESSIVE;
				GCC_WARN_UNUSED_FUNCTION = YES;
				GCC_WARN_UNUSED_VARIABLE = YES;
				IPHONEOS_DEPLOYMENT_TARGET = 17.0;
				LOCALIZATION_PREFERS_STRING_CATALOGS = YES;
				MARKETING_VERSION = 1.3;
				MTL_ENABLE_DEBUG_INFO = INCLUDE_SOURCE;
				MTL_FAST_MATH = YES;
				NEW_SETTING = "";
				ONLY_ACTIVE_ARCH = YES;
				SWIFT_ACTIVE_COMPILATION_CONDITIONS = "DEBUG $(inherited)";
				SWIFT_OPTIMIZATION_LEVEL = "-Onone";
				WATCHOS_DEPLOYMENT_TARGET = 10.0;
			};
			name = Debug;
		};
		333503102BD425180068076C /* Release */ = {
			isa = XCBuildConfiguration;
			buildSettings = {
				ALWAYS_SEARCH_USER_PATHS = NO;
				ASSETCATALOG_COMPILER_GENERATE_SWIFT_ASSET_SYMBOL_EXTENSIONS = YES;
				CLANG_ANALYZER_NONNULL = YES;
				CLANG_ANALYZER_NUMBER_OBJECT_CONVERSION = YES_AGGRESSIVE;
				CLANG_CXX_LANGUAGE_STANDARD = "gnu++20";
				CLANG_ENABLE_MODULES = YES;
				CLANG_ENABLE_OBJC_ARC = YES;
				CLANG_ENABLE_OBJC_WEAK = YES;
				CLANG_WARN_BLOCK_CAPTURE_AUTORELEASING = YES;
				CLANG_WARN_BOOL_CONVERSION = YES;
				CLANG_WARN_COMMA = YES;
				CLANG_WARN_CONSTANT_CONVERSION = YES;
				CLANG_WARN_DEPRECATED_OBJC_IMPLEMENTATIONS = YES;
				CLANG_WARN_DIRECT_OBJC_ISA_USAGE = YES_ERROR;
				CLANG_WARN_DOCUMENTATION_COMMENTS = YES;
				CLANG_WARN_EMPTY_BODY = YES;
				CLANG_WARN_ENUM_CONVERSION = YES;
				CLANG_WARN_INFINITE_RECURSION = YES;
				CLANG_WARN_INT_CONVERSION = YES;
				CLANG_WARN_NON_LITERAL_NULL_CONVERSION = YES;
				CLANG_WARN_OBJC_IMPLICIT_RETAIN_SELF = YES;
				CLANG_WARN_OBJC_LITERAL_CONVERSION = YES;
				CLANG_WARN_OBJC_ROOT_CLASS = YES_ERROR;
				CLANG_WARN_QUOTED_INCLUDE_IN_FRAMEWORK_HEADER = YES;
				CLANG_WARN_RANGE_LOOP_ANALYSIS = YES;
				CLANG_WARN_STRICT_PROTOTYPES = YES;
				CLANG_WARN_SUSPICIOUS_MOVE = YES;
				CLANG_WARN_UNGUARDED_AVAILABILITY = YES_AGGRESSIVE;
				CLANG_WARN_UNREACHABLE_CODE = YES;
				CLANG_WARN__DUPLICATE_METHOD_MATCH = YES;
				COPY_PHASE_STRIP = NO;
				CURRENT_PROJECT_VERSION = 1.3;
				DEAD_CODE_STRIPPING = YES;
				DEBUG_INFORMATION_FORMAT = "dwarf-with-dsym";
				ENABLE_NS_ASSERTIONS = NO;
				ENABLE_STRICT_OBJC_MSGSEND = YES;
				ENABLE_USER_SCRIPT_SANDBOXING = YES;
				GCC_C_LANGUAGE_STANDARD = gnu17;
				GCC_NO_COMMON_BLOCKS = YES;
				GCC_WARN_64_TO_32_BIT_CONVERSION = YES;
				GCC_WARN_ABOUT_RETURN_TYPE = YES_ERROR;
				GCC_WARN_UNDECLARED_SELECTOR = YES;
				GCC_WARN_UNINITIALIZED_AUTOS = YES_AGGRESSIVE;
				GCC_WARN_UNUSED_FUNCTION = YES;
				GCC_WARN_UNUSED_VARIABLE = YES;
				IPHONEOS_DEPLOYMENT_TARGET = 17.0;
				LOCALIZATION_PREFERS_STRING_CATALOGS = YES;
				MARKETING_VERSION = 1.3;
				MTL_ENABLE_DEBUG_INFO = NO;
				MTL_FAST_MATH = YES;
				NEW_SETTING = "";
				SWIFT_COMPILATION_MODE = wholemodule;
				WATCHOS_DEPLOYMENT_TARGET = 10.0;
			};
			name = Release;
		};
		333503122BD425180068076C /* Debug */ = {
			isa = XCBuildConfiguration;
			buildSettings = {
				ASSETCATALOG_COMPILER_APPICON_NAME = AppIcon;
				ASSETCATALOG_COMPILER_GLOBAL_ACCENT_COLOR_NAME = AccentColor;
				CODE_SIGN_ENTITLEMENTS = "Sets Watch App/Sets Watch App.entitlements";
				CODE_SIGN_STYLE = Automatic;
				CURRENT_PROJECT_VERSION = 2;
				DEVELOPMENT_ASSET_PATHS = "\"Sets Watch App/Preview Content\"";
				DEVELOPMENT_TEAM = Z2Z9BCQBJN;
				ENABLE_PREVIEWS = YES;
				GENERATE_INFOPLIST_FILE = YES;
				INFOPLIST_FILE = "Sets-Watch-App-Info.plist";
				INFOPLIST_KEY_CFBundleDisplayName = Sets;
				INFOPLIST_KEY_UISupportedInterfaceOrientations = "UIInterfaceOrientationPortrait UIInterfaceOrientationPortraitUpsideDown";
				INFOPLIST_KEY_WKWatchOnly = YES;
				LD_RUNPATH_SEARCH_PATHS = (
					"$(inherited)",
					"@executable_path/Frameworks",
				);
				MARKETING_VERSION = 1.3;
				PRODUCT_BUNDLE_IDENTIFIER = com.clengineering.Sets.watchkitapp;
				PRODUCT_NAME = "$(TARGET_NAME)";
				SDKROOT = watchos;
				SKIP_INSTALL = YES;
				SWIFT_EMIT_LOC_STRINGS = YES;
				SWIFT_VERSION = 5.0;
				TARGETED_DEVICE_FAMILY = 4;
				WATCHOS_DEPLOYMENT_TARGET = 10.0;
			};
			name = Debug;
		};
		333503132BD425180068076C /* Release */ = {
			isa = XCBuildConfiguration;
			buildSettings = {
				ASSETCATALOG_COMPILER_APPICON_NAME = AppIcon;
				ASSETCATALOG_COMPILER_GLOBAL_ACCENT_COLOR_NAME = AccentColor;
				CODE_SIGN_ENTITLEMENTS = "Sets Watch App/Sets Watch App.entitlements";
				CODE_SIGN_STYLE = Automatic;
				CURRENT_PROJECT_VERSION = 2;
				DEVELOPMENT_ASSET_PATHS = "\"Sets Watch App/Preview Content\"";
				DEVELOPMENT_TEAM = Z2Z9BCQBJN;
				ENABLE_PREVIEWS = YES;
				GENERATE_INFOPLIST_FILE = YES;
				INFOPLIST_FILE = "Sets-Watch-App-Info.plist";
				INFOPLIST_KEY_CFBundleDisplayName = Sets;
				INFOPLIST_KEY_UISupportedInterfaceOrientations = "UIInterfaceOrientationPortrait UIInterfaceOrientationPortraitUpsideDown";
				INFOPLIST_KEY_WKWatchOnly = YES;
				LD_RUNPATH_SEARCH_PATHS = (
					"$(inherited)",
					"@executable_path/Frameworks",
				);
				MARKETING_VERSION = 1.3;
				PRODUCT_BUNDLE_IDENTIFIER = com.clengineering.Sets.watchkitapp;
				PRODUCT_NAME = "$(TARGET_NAME)";
				SDKROOT = watchos;
				SKIP_INSTALL = YES;
				SWIFT_EMIT_LOC_STRINGS = YES;
				SWIFT_VERSION = 5.0;
				TARGETED_DEVICE_FAMILY = 4;
				VALIDATE_PRODUCT = YES;
				WATCHOS_DEPLOYMENT_TARGET = 10.0;
			};
			name = Release;
		};
		333503162BD425180068076C /* Debug */ = {
			isa = XCBuildConfiguration;
			buildSettings = {
				ALWAYS_EMBED_SWIFT_STANDARD_LIBRARIES = YES;
				CODE_SIGN_STYLE = Automatic;
				CURRENT_PROJECT_VERSION = 1.3;
				DEVELOPMENT_TEAM = Z2Z9BCQBJN;
				"INFOPLIST_FILE[sdk=*]" = "Sets-Watch-App-Info.plist";
				INFOPLIST_KEY_CFBundleDisplayName = Sets;
				IPHONEOS_DEPLOYMENT_TARGET = 15.0;
				MARKETING_VERSION = 1.3;
				PRODUCT_BUNDLE_IDENTIFIER = com.clengineering.Sets;
				PRODUCT_NAME = "$(TARGET_NAME)";
				SDKROOT = iphoneos;
				SWIFT_VERSION = 5.0;
			};
			name = Debug;
		};
		333503172BD425180068076C /* Release */ = {
			isa = XCBuildConfiguration;
			buildSettings = {
				ALWAYS_EMBED_SWIFT_STANDARD_LIBRARIES = YES;
				CODE_SIGN_STYLE = Automatic;
				CURRENT_PROJECT_VERSION = 1.3;
				DEVELOPMENT_TEAM = Z2Z9BCQBJN;
				"INFOPLIST_FILE[sdk=*]" = "Sets-Watch-App-Info.plist";
				INFOPLIST_KEY_CFBundleDisplayName = Sets;
				IPHONEOS_DEPLOYMENT_TARGET = 15.0;
				MARKETING_VERSION = 1.3;
				PRODUCT_BUNDLE_IDENTIFIER = com.clengineering.Sets;
				PRODUCT_NAME = "$(TARGET_NAME)";
				SDKROOT = iphoneos;
				SWIFT_VERSION = 5.0;
				VALIDATE_PRODUCT = YES;
			};
			name = Release;
		};
		333503192BD425180068076C /* Debug */ = {
			isa = XCBuildConfiguration;
			buildSettings = {
				ALWAYS_EMBED_SWIFT_STANDARD_LIBRARIES = YES;
				BUNDLE_LOADER = "$(TEST_HOST)";
				CODE_SIGN_STYLE = Automatic;
				CURRENT_PROJECT_VERSION = 1.3;
				DEVELOPMENT_TEAM = Z2Z9BCQBJN;
				GENERATE_INFOPLIST_FILE = YES;
				MARKETING_VERSION = 1.3;
				PRODUCT_BUNDLE_IDENTIFIER = "com.clengineering.Sets-Watch-AppTests";
				PRODUCT_NAME = "$(TARGET_NAME)";
				SDKROOT = watchos;
				SWIFT_EMIT_LOC_STRINGS = NO;
				SWIFT_VERSION = 5.0;
				TARGETED_DEVICE_FAMILY = 4;
				TEST_HOST = "$(BUILT_PRODUCTS_DIR)/Sets Watch App.app/$(BUNDLE_EXECUTABLE_FOLDER_PATH)/Sets Watch App";
				WATCHOS_DEPLOYMENT_TARGET = 10.4;
			};
			name = Debug;
		};
		3335031A2BD425180068076C /* Release */ = {
			isa = XCBuildConfiguration;
			buildSettings = {
				ALWAYS_EMBED_SWIFT_STANDARD_LIBRARIES = YES;
				BUNDLE_LOADER = "$(TEST_HOST)";
				CODE_SIGN_STYLE = Automatic;
				CURRENT_PROJECT_VERSION = 1.3;
				DEVELOPMENT_TEAM = Z2Z9BCQBJN;
				GENERATE_INFOPLIST_FILE = YES;
				MARKETING_VERSION = 1.3;
				PRODUCT_BUNDLE_IDENTIFIER = "com.clengineering.Sets-Watch-AppTests";
				PRODUCT_NAME = "$(TARGET_NAME)";
				SDKROOT = watchos;
				SWIFT_EMIT_LOC_STRINGS = NO;
				SWIFT_VERSION = 5.0;
				TARGETED_DEVICE_FAMILY = 4;
				TEST_HOST = "$(BUILT_PRODUCTS_DIR)/Sets Watch App.app/$(BUNDLE_EXECUTABLE_FOLDER_PATH)/Sets Watch App";
				VALIDATE_PRODUCT = YES;
				WATCHOS_DEPLOYMENT_TARGET = 10.4;
			};
			name = Release;
		};
		3335031C2BD425180068076C /* Debug */ = {
			isa = XCBuildConfiguration;
			buildSettings = {
				ALWAYS_EMBED_SWIFT_STANDARD_LIBRARIES = YES;
				CODE_SIGN_STYLE = Automatic;
				CURRENT_PROJECT_VERSION = 1.1.1;
				DEVELOPMENT_TEAM = Z2Z9BCQBJN;
				GENERATE_INFOPLIST_FILE = YES;
				MARKETING_VERSION = 1.1.1;
				PRODUCT_BUNDLE_IDENTIFIER = "com.clengineering.Sets-Watch-AppUITests";
				PRODUCT_NAME = "$(TARGET_NAME)";
				SDKROOT = watchos;
				SWIFT_EMIT_LOC_STRINGS = NO;
				SWIFT_VERSION = 5.0;
				TARGETED_DEVICE_FAMILY = 4;
				TEST_TARGET_NAME = "Sets Watch App";
				WATCHOS_DEPLOYMENT_TARGET = 10.4;
			};
			name = Debug;
		};
		3335031D2BD425180068076C /* Release */ = {
			isa = XCBuildConfiguration;
			buildSettings = {
				ALWAYS_EMBED_SWIFT_STANDARD_LIBRARIES = YES;
				CODE_SIGN_STYLE = Automatic;
				CURRENT_PROJECT_VERSION = 1.1.1;
				DEVELOPMENT_TEAM = Z2Z9BCQBJN;
				GENERATE_INFOPLIST_FILE = YES;
				MARKETING_VERSION = 1.1.1;
				PRODUCT_BUNDLE_IDENTIFIER = "com.clengineering.Sets-Watch-AppUITests";
				PRODUCT_NAME = "$(TARGET_NAME)";
				SDKROOT = watchos;
				SWIFT_EMIT_LOC_STRINGS = NO;
				SWIFT_VERSION = 5.0;
				TARGETED_DEVICE_FAMILY = 4;
				TEST_TARGET_NAME = "Sets Watch App";
				VALIDATE_PRODUCT = YES;
				WATCHOS_DEPLOYMENT_TARGET = 10.4;
			};
			name = Release;
		};
/* End XCBuildConfiguration section */

/* Begin XCConfigurationList section */
		333502E22BD425170068076C /* Build configuration list for PBXProject "Sets" */ = {
			isa = XCConfigurationList;
			buildConfigurations = (
				3335030F2BD425180068076C /* Debug */,
				333503102BD425180068076C /* Release */,
			);
			defaultConfigurationIsVisible = 0;
			defaultConfigurationName = Release;
		};
		333503112BD425180068076C /* Build configuration list for PBXNativeTarget "Sets Watch App" */ = {
			isa = XCConfigurationList;
			buildConfigurations = (
				333503122BD425180068076C /* Debug */,
				333503132BD425180068076C /* Release */,
			);
			defaultConfigurationIsVisible = 0;
			defaultConfigurationName = Release;
		};
		333503152BD425180068076C /* Build configuration list for PBXNativeTarget "Sets" */ = {
			isa = XCConfigurationList;
			buildConfigurations = (
				333503162BD425180068076C /* Debug */,
				333503172BD425180068076C /* Release */,
			);
			defaultConfigurationIsVisible = 0;
			defaultConfigurationName = Release;
		};
		333503182BD425180068076C /* Build configuration list for PBXNativeTarget "Sets Watch AppTests" */ = {
			isa = XCConfigurationList;
			buildConfigurations = (
				333503192BD425180068076C /* Debug */,
				3335031A2BD425180068076C /* Release */,
			);
			defaultConfigurationIsVisible = 0;
			defaultConfigurationName = Release;
		};
		3335031B2BD425180068076C /* Build configuration list for PBXNativeTarget "Sets Watch AppUITests" */ = {
			isa = XCConfigurationList;
			buildConfigurations = (
				3335031C2BD425180068076C /* Debug */,
				3335031D2BD425180068076C /* Release */,
			);
			defaultConfigurationIsVisible = 0;
			defaultConfigurationName = Release;
		};
/* End XCConfigurationList section */
	};
	rootObject = 333502DF2BD425170068076C /* Project object */;
}
